
Microsoft Visual Studio Solution File, Format Version 12.00
# Visual Studio 15
Project("{FAE04EC0-301F-11D3-BF4B-00C04F79EFBC}") = "UnityEngine.TestRunner", "UnityEngine.TestRunner.csproj", "{A6EECC9D-9416-2F0D-C5D9-9E4A84F0227C}"
EndProject
Project("{FAE04EC0-301F-11D3-BF4B-00C04F79EFBC}") = "Unity.Mathematics", "Unity.Mathematics.csproj", "{C944C235-B5D8-E296-211E-C89544F6E41E}"
EndProject
Project("{FAE04EC0-301F-11D3-BF4B-00C04F79EFBC}") = "Unity.2D.Animation.Triangle.Runtime", "Unity.2D.Animation.Triangle.Runtime.csproj", "{28E17B9B-2758-41D6-2A05-12B30ED3CA5D}"
EndProject
Project("{FAE04EC0-301F-11D3-BF4B-00C04F79EFBC}") = "Unity.Timeline", "Unity.Timeline.csproj", "{0F73E783-AD2F-62B3-70A4-4F14A5008F52}"
EndProject
Project("{FAE04EC0-301F-11D3-BF4B-00C04F79EFBC}") = "Unity.ProBuilder", "Unity.ProBuilder.csproj", "{5895E754-E1EE-9CD3-2BE9-57C38E9F640E}"
EndProject
Project("{FAE04EC0-301F-11D3-BF4B-00C04F79EFBC}") = "UnityEngine.UI", "UnityEngine.UI.csproj", "{E9D7F5EC-32C3-4157-237C-C70A653E8545}"
EndProject
Project("{FAE04EC0-301F-11D3-BF4B-00C04F79EFBC}") = "Unity.TextMeshPro", "Unity.TextMeshPro.csproj", "{8CA23CAD-3528-E08C-2496-AA229D51FACA}"
EndProject
Project("{FAE04EC0-301F-11D3-BF4B-00C04F79EFBC}") = "Unity.2D.Animation.Runtime", "Unity.2D.Animation.Runtime.csproj", "{B5863A60-513E-DE19-499D-C494D9877F2C}"
EndProject
Project("{FAE04EC0-301F-11D3-BF4B-00C04F79EFBC}") = "Unity.ProBuilder.Poly2Tri", "Unity.ProBuilder.Poly2Tri.csproj", "{3AC97100-B611-B5A5-C88A-B84505EBD502}"
EndProject
Project("{FAE04EC0-301F-11D3-BF4B-00C04F79EFBC}") = "Assembly-CSharp", "Assembly-CSharp.csproj", "{7CF6C13C-0FBB-0922-F259-F2127171F749}"
EndProject
Project("{FAE04EC0-301F-11D3-BF4B-00C04F79EFBC}") = "Unity.2D.IK.Runtime", "Unity.2D.IK.Runtime.csproj", "{3AC3B788-2B7F-0EFB-92D7-4A91705EEB2F}"
EndProject
Project("{FAE04EC0-301F-11D3-BF4B-00C04F79EFBC}") = "Unity.2D.SpriteShape.Runtime", "Unity.2D.SpriteShape.Runtime.csproj", "{5A63A0FF-A4BD-3E27-B541-105E39FEE649}"
EndProject
Project("{FAE04EC0-301F-11D3-BF4B-00C04F79EFBC}") = "Unity.ProGrids", "Unity.ProGrids.csproj", "{5214BC9F-F320-825A-0D53-BC72942C2FDA}"
EndProject
Project("{FAE04EC0-301F-11D3-BF4B-00C04F79EFBC}") = "Unity.ProBuilder.Csg", "Unity.ProBuilder.Csg.csproj", "{CE305980-F1E2-D0CE-A331-B24AAAA7B206}"
EndProject
Project("{FAE04EC0-301F-11D3-BF4B-00C04F79EFBC}") = "Unity.2D.PixelPerfect", "Unity.2D.PixelPerfect.csproj", "{9B7BE585-C279-2775-9DEA-8BFA4576951D}"
EndProject
Project("{FAE04EC0-301F-11D3-BF4B-00C04F79EFBC}") = "Unity.ProBuilder.KdTree", "Unity.ProBuilder.KdTree.csproj", "{BE9CFBB7-4BC9-6E51-4C55-A50A9F8C4BCC}"
EndProject
Project("{FAE04EC0-301F-11D3-BF4B-00C04F79EFBC}") = "Unity.ProBuilder.Stl", "Unity.ProBuilder.Stl.csproj", "{3371A76F-8C8E-84D4-DC91-BEB1328F7E6F}"
EndProject
Project("{FAE04EC0-301F-11D3-BF4B-00C04F79EFBC}") = "Unity.2D.Common.Runtime", "Unity.2D.Common.Runtime.csproj", "{156BFB0A-6574-59ED-E500-C2899B159141}"
EndProject
Project("{FAE04EC0-301F-11D3-BF4B-00C04F79EFBC}") = "Unity.InternalAPIEngineBridge.001", "Unity.InternalAPIEngineBridge.001.csproj", "{AD5ED59F-B7CD-360E-EA4F-92A3602E802B}"
EndProject
Project("{FAE04EC0-301F-11D3-BF4B-00C04F79EFBC}") = "UnityEditor.TestRunner", "UnityEditor.TestRunner.csproj", "{84E19A01-73AF-882D-0597-D660756A7535}"
EndProject
Project("{FAE04EC0-301F-11D3-BF4B-00C04F79EFBC}") = "Unity.ProBuilder.Editor", "Unity.ProBuilder.Editor.csproj", "{96A05EBE-B660-FC90-E746-906C76A0EF37}"
EndProject
Project("{FAE04EC0-301F-11D3-BF4B-00C04F79EFBC}") = "Unity.PlasticSCM.Editor", "Unity.PlasticSCM.Editor.csproj", "{4EDCEC46-84E6-6EBF-2E28-67D55F439DAE}"
EndProject
Project("{FAE04EC0-301F-11D3-BF4B-00C04F79EFBC}") = "UnityEditor.UI", "UnityEditor.UI.csproj", "{5C744F6E-80FB-6720-18CF-A556A793CB3D}"
EndProject
Project("{FAE04EC0-301F-11D3-BF4B-00C04F79EFBC}") = "Unity.Services.Core.Editor", "Unity.Services.Core.Editor.csproj", "{2F3D9A51-E44F-2CD0-859A-8FDEAE372FFC}"
EndProject
Project("{FAE04EC0-301F-11D3-BF4B-00C04F79EFBC}") = "Unity.Timeline.Editor", "Unity.Timeline.Editor.csproj", "{192A52B5-7DC3-9889-A18F-167249F53265}"
EndProject
Project("{FAE04EC0-301F-11D3-BF4B-00C04F79EFBC}") = "Unity.VisualStudio.Editor", "Unity.VisualStudio.Editor.csproj", "{40DAC415-F75D-6853-D1E4-B1CD66F5304E}"
EndProject
Project("{FAE04EC0-301F-11D3-BF4B-00C04F79EFBC}") = "Unity.2D.Psdimporter.Editor", "Unity.2D.Psdimporter.Editor.csproj", "{584F6090-EC30-4003-F9D9-323658716963}"
EndProject
Project("{FAE04EC0-301F-11D3-BF4B-00C04F79EFBC}") = "Unity.2D.Animation.Editor", "Unity.2D.Animation.Editor.csproj", "{F4F986B1-8096-0C3F-34C0-9C839C79AFFD}"
EndProject
Project("{FAE04EC0-301F-11D3-BF4B-00C04F79EFBC}") = "Unity.TextMeshPro.Editor", "Unity.TextMeshPro.Editor.csproj", "{87530BB5-023F-E59D-2BDF-178EA983D9BF}"
EndProject
Project("{FAE04EC0-301F-11D3-BF4B-00C04F79EFBC}") = "Unity.2D.SpriteShape.Editor", "Unity.2D.SpriteShape.Editor.csproj", "{6D7925EC-FD9D-93E4-9D41-A9EEF3AB97F0}"
EndProject
Project("{FAE04EC0-301F-11D3-BF4B-00C04F79EFBC}") = "Unity.CollabProxy.Editor", "Unity.CollabProxy.Editor.csproj", "{50E5B878-A897-8EF6-159D-33702EA8B131}"
EndProject
Project("{FAE04EC0-301F-11D3-BF4B-00C04F79EFBC}") = "PsdPlugin", "PsdPlugin.csproj", "{ACC5F594-B24B-ABE3-F82D-5C788AD8EBE6}"
EndProject
Project("{FAE04EC0-301F-11D3-BF4B-00C04F79EFBC}") = "Unity.2D.Path.Editor", "Unity.2D.Path.Editor.csproj", "{549B48F9-7831-AFAD-B004-1BE7E2F8490A}"
EndProject
Project("{FAE04EC0-301F-11D3-BF4B-00C04F79EFBC}") = "Unity.Rider.Editor", "Unity.Rider.Editor.csproj", "{802EB95E-203B-11E8-A6BF-1E54457F6F9E}"
EndProject
Project("{FAE04EC0-301F-11D3-BF4B-00C04F79EFBC}") = "Unity.ProGrids.Editor", "Unity.ProGrids.Editor.csproj", "{6B6DB3F2-693E-95E6-4E16-DDEFE35E6BC0}"
EndProject
Project("{FAE04EC0-301F-11D3-BF4B-00C04F79EFBC}") = "Unity.2D.IK.Editor", "Unity.2D.IK.Editor.csproj", "{2460571C-AA6D-CCED-F606-3E3E4DBE34A5}"
EndProject
Project("{FAE04EC0-301F-11D3-BF4B-00C04F79EFBC}") = "Unity.2D.Sprite.Editor", "Unity.2D.Sprite.Editor.csproj", "{6E85B318-1D09-8E53-3EFA-3EF13F5F612E}"
EndProject
Project("{FAE04EC0-301F-11D3-BF4B-00C04F79EFBC}") = "Unity.2D.Tilemap.Editor", "Unity.2D.Tilemap.Editor.csproj", "{9C41D3F3-9DD7-F857-5E90-DC9A6231648F}"
EndProject
Project("{FAE04EC0-301F-11D3-BF4B-00C04F79EFBC}") = "Unity.2D.PixelPerfect.Editor", "Unity.2D.PixelPerfect.Editor.csproj", "{E95F2124-79DE-4264-C09E-9E419DDBF85D}"
EndProject
Project("{FAE04EC0-301F-11D3-BF4B-00C04F79EFBC}") = "Unity.VSCode.Editor", "Unity.VSCode.Editor.csproj", "{BEEF7A3D-94FF-9AF3-2937-93E5DEDE9E30}"
EndProject
Project("{FAE04EC0-301F-11D3-BF4B-00C04F79EFBC}") = "Unity.ProBuilder.AssetIdRemapUtility", "Unity.ProBuilder.AssetIdRemapUtility.csproj", "{17734BFE-2C41-D73C-A4FF-361A9FB9D702}"
EndProject
Project("{FAE04EC0-301F-11D3-BF4B-00C04F79EFBC}") = "Unity.Settings.Editor", "Unity.Settings.Editor.csproj", "{E2034D73-98E6-EEB6-23B8-130EFDE267CA}"
EndProject
Project("{FAE04EC0-301F-11D3-BF4B-00C04F79EFBC}") = "Unity.2D.Common.Editor", "Unity.2D.Common.Editor.csproj", "{89C9A766-D0AD-BC01-61F3-AE46C7426FF0}"
EndProject
Project("{FAE04EC0-301F-11D3-BF4B-00C04F79EFBC}") = "Unity.Mathematics.Editor", "Unity.Mathematics.Editor.csproj", "{0BF8CE25-DDA7-46AD-25D5-3216B6C4E33F}"
EndProject
Project("{FAE04EC0-301F-11D3-BF4B-00C04F79EFBC}") = "Unity.ProBuilder.AddOns.Editor", "Unity.ProBuilder.AddOns.Editor.csproj", "{8FF8FBD8-AEB9-701A-04F9-E43E1D4FDCFE}"
EndProject
Project("{FAE04EC0-301F-11D3-BF4B-00C04F79EFBC}") = "Unity.InternalAPIEditorBridge.001", "Unity.InternalAPIEditorBridge.001.csproj", "{89CC88FB-F611-C20F-A936-84ACA0B6741D}"
EndProject
Project("{FAE04EC0-301F-11D3-BF4B-00C04F79EFBC}") = "Assembly-CSharp-Editor", "Assembly-CSharp-Editor.csproj", "{2204B1C7-F1F2-329E-8697-C646378ABF23}"
EndProject
Project("{FAE04EC0-301F-11D3-BF4B-00C04F79EFBC}") = "UnityEngine.TestRunner", "UnityEngine.TestRunner.Player.csproj", "{3FC0281E-F804-8BA4-119F-A8D334273C8F}"
EndProject
Project("{FAE04EC0-301F-11D3-BF4B-00C04F79EFBC}") = "Unity.Mathematics", "Unity.Mathematics.Player.csproj", "{34538AA5-02A3-BC0C-29A1-881498BAD592}"
EndProject
Project("{FAE04EC0-301F-11D3-BF4B-00C04F79EFBC}") = "Unity.2D.Animation.Triangle.Runtime", "Unity.2D.Animation.Triangle.Runtime.Player.csproj", "{F4846AE1-E5F5-6845-B628-6402E838692E}"
EndProject
Project("{FAE04EC0-301F-11D3-BF4B-00C04F79EFBC}") = "Unity.Timeline", "Unity.Timeline.Player.csproj", "{26BCE445-2D77-1534-56F1-8ED09AA28FA4}"
EndProject
Project("{FAE04EC0-301F-11D3-BF4B-00C04F79EFBC}") = "Unity.ProBuilder", "Unity.ProBuilder.Player.csproj", "{6E46E326-DFE0-7AB0-6E1D-AED35EEF0FBA}"
EndProject
Project("{FAE04EC0-301F-11D3-BF4B-00C04F79EFBC}") = "UnityEngine.UI", "UnityEngine.UI.Player.csproj", "{D42566EC-C5FD-F7CC-9123-FEB865E41048}"
EndProject
Project("{FAE04EC0-301F-11D3-BF4B-00C04F79EFBC}") = "Unity.TextMeshPro", "Unity.TextMeshPro.Player.csproj", "{B4F306A6-7919-F8AB-4A65-DB0C7B98AE9D}"
EndProject
Project("{FAE04EC0-301F-11D3-BF4B-00C04F79EFBC}") = "Unity.2D.Animation.Runtime", "Unity.2D.Animation.Runtime.Player.csproj", "{111B3CD9-FF54-8E1A-F1EA-631C18D18E60}"
EndProject
Project("{FAE04EC0-301F-11D3-BF4B-00C04F79EFBC}") = "Unity.ProBuilder.Poly2Tri", "Unity.ProBuilder.Poly2Tri.Player.csproj", "{136DE7B2-BEC3-23FF-9D87-FFA1C331191F}"
EndProject
Project("{FAE04EC0-301F-11D3-BF4B-00C04F79EFBC}") = "Assembly-CSharp", "Assembly-CSharp.Player.csproj", "{C29AAF66-A4D4-62B5-565B-E62EF3A4B1EC}"
EndProject
Project("{FAE04EC0-301F-11D3-BF4B-00C04F79EFBC}") = "Unity.2D.IK.Runtime", "Unity.2D.IK.Runtime.Player.csproj", "{454C72FF-6405-C8A1-DFAE-6C901FDC2E67}"
EndProject
Project("{FAE04EC0-301F-11D3-BF4B-00C04F79EFBC}") = "Unity.2D.SpriteShape.Runtime", "Unity.2D.SpriteShape.Runtime.Player.csproj", "{13BDFC9C-2CA2-7598-1E12-4C131CAE3F90}"
EndProject
Project("{FAE04EC0-301F-11D3-BF4B-00C04F79EFBC}") = "Unity.ProGrids", "Unity.ProGrids.Player.csproj", "{1EB45F38-350C-6E6E-2256-A1616404F454}"
EndProject
Project("{FAE04EC0-301F-11D3-BF4B-00C04F79EFBC}") = "Unity.ProBuilder.Csg", "Unity.ProBuilder.Csg.Player.csproj", "{3F5D8657-C455-84F6-E2BF-E08467CC04A5}"
EndProject
Project("{FAE04EC0-301F-11D3-BF4B-00C04F79EFBC}") = "Unity.2D.PixelPerfect", "Unity.2D.PixelPerfect.Player.csproj", "{7B2ABFC5-52C0-F949-B17E-A06B5147EE33}"
EndProject
Project("{FAE04EC0-301F-11D3-BF4B-00C04F79EFBC}") = "Unity.ProBuilder.KdTree", "Unity.ProBuilder.KdTree.Player.csproj", "{903D5E97-5033-E2A1-208E-A0C551ACC4C7}"
EndProject
Project("{FAE04EC0-301F-11D3-BF4B-00C04F79EFBC}") = "Unity.ProBuilder.Stl", "Unity.ProBuilder.Stl.Player.csproj", "{89BFB1E4-C671-CF6F-84B0-5B7EDDDBD469}"
EndProject
Project("{FAE04EC0-301F-11D3-BF4B-00C04F79EFBC}") = "Unity.2D.Common.Runtime", "Unity.2D.Common.Runtime.Player.csproj", "{96EED95F-7AF5-05E3-9AF6-353D84CF320E}"
EndProject
Project("{FAE04EC0-301F-11D3-BF4B-00C04F79EFBC}") = "Unity.InternalAPIEngineBridge.001", "Unity.InternalAPIEngineBridge.001.Player.csproj", "{B62017ED-DA54-1CFF-2F3C-011CADD37744}"
EndProject
Global
	GlobalSection(SolutionConfigurationPlatforms) = preSolution
		Debug|Any CPU = Debug|Any CPU
		Release|Any CPU = Release|Any CPU
	EndGlobalSection
	GlobalSection(ProjectConfigurationPlatforms) = postSolution
		{A6EECC9D-9416-2F0D-C5D9-9E4A84F0227C}.Debug|Any CPU.ActiveCfg = Debug|Any CPU
		{A6EECC9D-9416-2F0D-C5D9-9E4A84F0227C}.Debug|Any CPU.Build.0 = Debug|Any CPU
		{A6EECC9D-9416-2F0D-C5D9-9E4A84F0227C}.Release|Any CPU.ActiveCfg = Release|Any CPU
		{A6EECC9D-9416-2F0D-C5D9-9E4A84F0227C}.Release|Any CPU.Build.0 = Release|Any CPU
		{C944C235-B5D8-E296-211E-C89544F6E41E}.Debug|Any CPU.ActiveCfg = Debug|Any CPU
		{C944C235-B5D8-E296-211E-C89544F6E41E}.Debug|Any CPU.Build.0 = Debug|Any CPU
		{C944C235-B5D8-E296-211E-C89544F6E41E}.Release|Any CPU.ActiveCfg = Release|Any CPU
		{C944C235-B5D8-E296-211E-C89544F6E41E}.Release|Any CPU.Build.0 = Release|Any CPU
		{28E17B9B-2758-41D6-2A05-12B30ED3CA5D}.Debug|Any CPU.ActiveCfg = Debug|Any CPU
		{28E17B9B-2758-41D6-2A05-12B30ED3CA5D}.Debug|Any CPU.Build.0 = Debug|Any CPU
		{28E17B9B-2758-41D6-2A05-12B30ED3CA5D}.Release|Any CPU.ActiveCfg = Release|Any CPU
		{28E17B9B-2758-41D6-2A05-12B30ED3CA5D}.Release|Any CPU.Build.0 = Release|Any CPU
		{0F73E783-AD2F-62B3-70A4-4F14A5008F52}.Debug|Any CPU.ActiveCfg = Debug|Any CPU
		{0F73E783-AD2F-62B3-70A4-4F14A5008F52}.Debug|Any CPU.Build.0 = Debug|Any CPU
		{0F73E783-AD2F-62B3-70A4-4F14A5008F52}.Release|Any CPU.ActiveCfg = Release|Any CPU
		{0F73E783-AD2F-62B3-70A4-4F14A5008F52}.Release|Any CPU.Build.0 = Release|Any CPU
		{5895E754-E1EE-9CD3-2BE9-57C38E9F640E}.Debug|Any CPU.ActiveCfg = Debug|Any CPU
		{5895E754-E1EE-9CD3-2BE9-57C38E9F640E}.Debug|Any CPU.Build.0 = Debug|Any CPU
		{5895E754-E1EE-9CD3-2BE9-57C38E9F640E}.Release|Any CPU.ActiveCfg = Release|Any CPU
		{5895E754-E1EE-9CD3-2BE9-57C38E9F640E}.Release|Any CPU.Build.0 = Release|Any CPU
		{E9D7F5EC-32C3-4157-237C-C70A653E8545}.Debug|Any CPU.ActiveCfg = Debug|Any CPU
		{E9D7F5EC-32C3-4157-237C-C70A653E8545}.Debug|Any CPU.Build.0 = Debug|Any CPU
		{E9D7F5EC-32C3-4157-237C-C70A653E8545}.Release|Any CPU.ActiveCfg = Release|Any CPU
		{E9D7F5EC-32C3-4157-237C-C70A653E8545}.Release|Any CPU.Build.0 = Release|Any CPU
		{8CA23CAD-3528-E08C-2496-AA229D51FACA}.Debug|Any CPU.ActiveCfg = Debug|Any CPU
		{8CA23CAD-3528-E08C-2496-AA229D51FACA}.Debug|Any CPU.Build.0 = Debug|Any CPU
		{8CA23CAD-3528-E08C-2496-AA229D51FACA}.Release|Any CPU.ActiveCfg = Release|Any CPU
		{8CA23CAD-3528-E08C-2496-AA229D51FACA}.Release|Any CPU.Build.0 = Release|Any CPU
		{B5863A60-513E-DE19-499D-C494D9877F2C}.Debug|Any CPU.ActiveCfg = Debug|Any CPU
		{B5863A60-513E-DE19-499D-C494D9877F2C}.Debug|Any CPU.Build.0 = Debug|Any CPU
		{B5863A60-513E-DE19-499D-C494D9877F2C}.Release|Any CPU.ActiveCfg = Release|Any CPU
		{B5863A60-513E-DE19-499D-C494D9877F2C}.Release|Any CPU.Build.0 = Release|Any CPU
		{3AC97100-B611-B5A5-C88A-B84505EBD502}.Debug|Any CPU.ActiveCfg = Debug|Any CPU
		{3AC97100-B611-B5A5-C88A-B84505EBD502}.Debug|Any CPU.Build.0 = Debug|Any CPU
		{3AC97100-B611-B5A5-C88A-B84505EBD502}.Release|Any CPU.ActiveCfg = Release|Any CPU
		{3AC97100-B611-B5A5-C88A-B84505EBD502}.Release|Any CPU.Build.0 = Release|Any CPU
		{7CF6C13C-0FBB-0922-F259-F2127171F749}.Debug|Any CPU.ActiveCfg = Debug|Any CPU
		{7CF6C13C-0FBB-0922-F259-F2127171F749}.Debug|Any CPU.Build.0 = Debug|Any CPU
		{7CF6C13C-0FBB-0922-F259-F2127171F749}.Release|Any CPU.ActiveCfg = Release|Any CPU
		{7CF6C13C-0FBB-0922-F259-F2127171F749}.Release|Any CPU.Build.0 = Release|Any CPU
		{3AC3B788-2B7F-0EFB-92D7-4A91705EEB2F}.Debug|Any CPU.ActiveCfg = Debug|Any CPU
		{3AC3B788-2B7F-0EFB-92D7-4A91705EEB2F}.Debug|Any CPU.Build.0 = Debug|Any CPU
		{3AC3B788-2B7F-0EFB-92D7-4A91705EEB2F}.Release|Any CPU.ActiveCfg = Release|Any CPU
		{3AC3B788-2B7F-0EFB-92D7-4A91705EEB2F}.Release|Any CPU.Build.0 = Release|Any CPU
		{5A63A0FF-A4BD-3E27-B541-105E39FEE649}.Debug|Any CPU.ActiveCfg = Debug|Any CPU
		{5A63A0FF-A4BD-3E27-B541-105E39FEE649}.Debug|Any CPU.Build.0 = Debug|Any CPU
		{5A63A0FF-A4BD-3E27-B541-105E39FEE649}.Release|Any CPU.ActiveCfg = Release|Any CPU
		{5A63A0FF-A4BD-3E27-B541-105E39FEE649}.Release|Any CPU.Build.0 = Release|Any CPU
		{5214BC9F-F320-825A-0D53-BC72942C2FDA}.Debug|Any CPU.ActiveCfg = Debug|Any CPU
		{5214BC9F-F320-825A-0D53-BC72942C2FDA}.Debug|Any CPU.Build.0 = Debug|Any CPU
		{5214BC9F-F320-825A-0D53-BC72942C2FDA}.Release|Any CPU.ActiveCfg = Release|Any CPU
		{5214BC9F-F320-825A-0D53-BC72942C2FDA}.Release|Any CPU.Build.0 = Release|Any CPU
		{CE305980-F1E2-D0CE-A331-B24AAAA7B206}.Debug|Any CPU.ActiveCfg = Debug|Any CPU
		{CE305980-F1E2-D0CE-A331-B24AAAA7B206}.Debug|Any CPU.Build.0 = Debug|Any CPU
		{CE305980-F1E2-D0CE-A331-B24AAAA7B206}.Release|Any CPU.ActiveCfg = Release|Any CPU
		{CE305980-F1E2-D0CE-A331-B24AAAA7B206}.Release|Any CPU.Build.0 = Release|Any CPU
		{9B7BE585-C279-2775-9DEA-8BFA4576951D}.Debug|Any CPU.ActiveCfg = Debug|Any CPU
		{9B7BE585-C279-2775-9DEA-8BFA4576951D}.Debug|Any CPU.Build.0 = Debug|Any CPU
		{9B7BE585-C279-2775-9DEA-8BFA4576951D}.Release|Any CPU.ActiveCfg = Release|Any CPU
		{9B7BE585-C279-2775-9DEA-8BFA4576951D}.Release|Any CPU.Build.0 = Release|Any CPU
		{BE9CFBB7-4BC9-6E51-4C55-A50A9F8C4BCC}.Debug|Any CPU.ActiveCfg = Debug|Any CPU
		{BE9CFBB7-4BC9-6E51-4C55-A50A9F8C4BCC}.Debug|Any CPU.Build.0 = Debug|Any CPU
		{BE9CFBB7-4BC9-6E51-4C55-A50A9F8C4BCC}.Release|Any CPU.ActiveCfg = Release|Any CPU
		{BE9CFBB7-4BC9-6E51-4C55-A50A9F8C4BCC}.Release|Any CPU.Build.0 = Release|Any CPU
		{3371A76F-8C8E-84D4-DC91-BEB1328F7E6F}.Debug|Any CPU.ActiveCfg = Debug|Any CPU
		{3371A76F-8C8E-84D4-DC91-BEB1328F7E6F}.Debug|Any CPU.Build.0 = Debug|Any CPU
		{3371A76F-8C8E-84D4-DC91-BEB1328F7E6F}.Release|Any CPU.ActiveCfg = Release|Any CPU
		{3371A76F-8C8E-84D4-DC91-BEB1328F7E6F}.Release|Any CPU.Build.0 = Release|Any CPU
		{156BFB0A-6574-59ED-E500-C2899B159141}.Debug|Any CPU.ActiveCfg = Debug|Any CPU
		{156BFB0A-6574-59ED-E500-C2899B159141}.Debug|Any CPU.Build.0 = Debug|Any CPU
		{156BFB0A-6574-59ED-E500-C2899B159141}.Release|Any CPU.ActiveCfg = Release|Any CPU
		{156BFB0A-6574-59ED-E500-C2899B159141}.Release|Any CPU.Build.0 = Release|Any CPU
		{AD5ED59F-B7CD-360E-EA4F-92A3602E802B}.Debug|Any CPU.ActiveCfg = Debug|Any CPU
		{AD5ED59F-B7CD-360E-EA4F-92A3602E802B}.Debug|Any CPU.Build.0 = Debug|Any CPU
		{AD5ED59F-B7CD-360E-EA4F-92A3602E802B}.Release|Any CPU.ActiveCfg = Release|Any CPU
		{AD5ED59F-B7CD-360E-EA4F-92A3602E802B}.Release|Any CPU.Build.0 = Release|Any CPU
		{84E19A01-73AF-882D-0597-D660756A7535}.Debug|Any CPU.ActiveCfg = Debug|Any CPU
		{84E19A01-73AF-882D-0597-D660756A7535}.Debug|Any CPU.Build.0 = Debug|Any CPU
		{84E19A01-73AF-882D-0597-D660756A7535}.Release|Any CPU.ActiveCfg = Release|Any CPU
		{84E19A01-73AF-882D-0597-D660756A7535}.Release|Any CPU.Build.0 = Release|Any CPU
		{96A05EBE-B660-FC90-E746-906C76A0EF37}.Debug|Any CPU.ActiveCfg = Debug|Any CPU
		{96A05EBE-B660-FC90-E746-906C76A0EF37}.Debug|Any CPU.Build.0 = Debug|Any CPU
		{96A05EBE-B660-FC90-E746-906C76A0EF37}.Release|Any CPU.ActiveCfg = Release|Any CPU
		{96A05EBE-B660-FC90-E746-906C76A0EF37}.Release|Any CPU.Build.0 = Release|Any CPU
		{4EDCEC46-84E6-6EBF-2E28-67D55F439DAE}.Debug|Any CPU.ActiveCfg = Debug|Any CPU
		{4EDCEC46-84E6-6EBF-2E28-67D55F439DAE}.Debug|Any CPU.Build.0 = Debug|Any CPU
		{4EDCEC46-84E6-6EBF-2E28-67D55F439DAE}.Release|Any CPU.ActiveCfg = Release|Any CPU
		{4EDCEC46-84E6-6EBF-2E28-67D55F439DAE}.Release|Any CPU.Build.0 = Release|Any CPU
		{5C744F6E-80FB-6720-18CF-A556A793CB3D}.Debug|Any CPU.ActiveCfg = Debug|Any CPU
		{5C744F6E-80FB-6720-18CF-A556A793CB3D}.Debug|Any CPU.Build.0 = Debug|Any CPU
		{5C744F6E-80FB-6720-18CF-A556A793CB3D}.Release|Any CPU.ActiveCfg = Release|Any CPU
		{5C744F6E-80FB-6720-18CF-A556A793CB3D}.Release|Any CPU.Build.0 = Release|Any CPU
		{2F3D9A51-E44F-2CD0-859A-8FDEAE372FFC}.Debug|Any CPU.ActiveCfg = Debug|Any CPU
		{2F3D9A51-E44F-2CD0-859A-8FDEAE372FFC}.Debug|Any CPU.Build.0 = Debug|Any CPU
		{2F3D9A51-E44F-2CD0-859A-8FDEAE372FFC}.Release|Any CPU.ActiveCfg = Release|Any CPU
		{2F3D9A51-E44F-2CD0-859A-8FDEAE372FFC}.Release|Any CPU.Build.0 = Release|Any CPU
		{192A52B5-7DC3-9889-A18F-167249F53265}.Debug|Any CPU.ActiveCfg = Debug|Any CPU
		{192A52B5-7DC3-9889-A18F-167249F53265}.Debug|Any CPU.Build.0 = Debug|Any CPU
		{192A52B5-7DC3-9889-A18F-167249F53265}.Release|Any CPU.ActiveCfg = Release|Any CPU
		{192A52B5-7DC3-9889-A18F-167249F53265}.Release|Any CPU.Build.0 = Release|Any CPU
		{40DAC415-F75D-6853-D1E4-B1CD66F5304E}.Debug|Any CPU.ActiveCfg = Debug|Any CPU
		{40DAC415-F75D-6853-D1E4-B1CD66F5304E}.Debug|Any CPU.Build.0 = Debug|Any CPU
		{40DAC415-F75D-6853-D1E4-B1CD66F5304E}.Release|Any CPU.ActiveCfg = Release|Any CPU
		{40DAC415-F75D-6853-D1E4-B1CD66F5304E}.Release|Any CPU.Build.0 = Release|Any CPU
		{584F6090-EC30-4003-F9D9-323658716963}.Debug|Any CPU.ActiveCfg = Debug|Any CPU
		{584F6090-EC30-4003-F9D9-323658716963}.Debug|Any CPU.Build.0 = Debug|Any CPU
		{584F6090-EC30-4003-F9D9-323658716963}.Release|Any CPU.ActiveCfg = Release|Any CPU
		{584F6090-EC30-4003-F9D9-323658716963}.Release|Any CPU.Build.0 = Release|Any CPU
		{F4F986B1-8096-0C3F-34C0-9C839C79AFFD}.Debug|Any CPU.ActiveCfg = Debug|Any CPU
		{F4F986B1-8096-0C3F-34C0-9C839C79AFFD}.Debug|Any CPU.Build.0 = Debug|Any CPU
		{F4F986B1-8096-0C3F-34C0-9C839C79AFFD}.Release|Any CPU.ActiveCfg = Release|Any CPU
		{F4F986B1-8096-0C3F-34C0-9C839C79AFFD}.Release|Any CPU.Build.0 = Release|Any CPU
		{87530BB5-023F-E59D-2BDF-178EA983D9BF}.Debug|Any CPU.ActiveCfg = Debug|Any CPU
		{87530BB5-023F-E59D-2BDF-178EA983D9BF}.Debug|Any CPU.Build.0 = Debug|Any CPU
		{87530BB5-023F-E59D-2BDF-178EA983D9BF}.Release|Any CPU.ActiveCfg = Release|Any CPU
		{87530BB5-023F-E59D-2BDF-178EA983D9BF}.Release|Any CPU.Build.0 = Release|Any CPU
		{6D7925EC-FD9D-93E4-9D41-A9EEF3AB97F0}.Debug|Any CPU.ActiveCfg = Debug|Any CPU
		{6D7925EC-FD9D-93E4-9D41-A9EEF3AB97F0}.Debug|Any CPU.Build.0 = Debug|Any CPU
		{6D7925EC-FD9D-93E4-9D41-A9EEF3AB97F0}.Release|Any CPU.ActiveCfg = Release|Any CPU
		{6D7925EC-FD9D-93E4-9D41-A9EEF3AB97F0}.Release|Any CPU.Build.0 = Release|Any CPU
		{50E5B878-A897-8EF6-159D-33702EA8B131}.Debug|Any CPU.ActiveCfg = Debug|Any CPU
		{50E5B878-A897-8EF6-159D-33702EA8B131}.Debug|Any CPU.Build.0 = Debug|Any CPU
		{50E5B878-A897-8EF6-159D-33702EA8B131}.Release|Any CPU.ActiveCfg = Release|Any CPU
		{50E5B878-A897-8EF6-159D-33702EA8B131}.Release|Any CPU.Build.0 = Release|Any CPU
		{ACC5F594-B24B-ABE3-F82D-5C788AD8EBE6}.Debug|Any CPU.ActiveCfg = Debug|Any CPU
		{ACC5F594-B24B-ABE3-F82D-5C788AD8EBE6}.Debug|Any CPU.Build.0 = Debug|Any CPU
		{ACC5F594-B24B-ABE3-F82D-5C788AD8EBE6}.Release|Any CPU.ActiveCfg = Release|Any CPU
		{ACC5F594-B24B-ABE3-F82D-5C788AD8EBE6}.Release|Any CPU.Build.0 = Release|Any CPU
		{549B48F9-7831-AFAD-B004-1BE7E2F8490A}.Debug|Any CPU.ActiveCfg = Debug|Any CPU
		{549B48F9-7831-AFAD-B004-1BE7E2F8490A}.Debug|Any CPU.Build.0 = Debug|Any CPU
		{549B48F9-7831-AFAD-B004-1BE7E2F8490A}.Release|Any CPU.ActiveCfg = Release|Any CPU
		{549B48F9-7831-AFAD-B004-1BE7E2F8490A}.Release|Any CPU.Build.0 = Release|Any CPU
		{802EB95E-203B-11E8-A6BF-1E54457F6F9E}.Debug|Any CPU.ActiveCfg = Debug|Any CPU
		{802EB95E-203B-11E8-A6BF-1E54457F6F9E}.Debug|Any CPU.Build.0 = Debug|Any CPU
		{802EB95E-203B-11E8-A6BF-1E54457F6F9E}.Release|Any CPU.ActiveCfg = Release|Any CPU
		{802EB95E-203B-11E8-A6BF-1E54457F6F9E}.Release|Any CPU.Build.0 = Release|Any CPU
		{6B6DB3F2-693E-95E6-4E16-DDEFE35E6BC0}.Debug|Any CPU.ActiveCfg = Debug|Any CPU
		{6B6DB3F2-693E-95E6-4E16-DDEFE35E6BC0}.Debug|Any CPU.Build.0 = Debug|Any CPU
		{6B6DB3F2-693E-95E6-4E16-DDEFE35E6BC0}.Release|Any CPU.ActiveCfg = Release|Any CPU
		{6B6DB3F2-693E-95E6-4E16-DDEFE35E6BC0}.Release|Any CPU.Build.0 = Release|Any CPU
		{2460571C-AA6D-CCED-F606-3E3E4DBE34A5}.Debug|Any CPU.ActiveCfg = Debug|Any CPU
		{2460571C-AA6D-CCED-F606-3E3E4DBE34A5}.Debug|Any CPU.Build.0 = Debug|Any CPU
		{2460571C-AA6D-CCED-F606-3E3E4DBE34A5}.Release|Any CPU.ActiveCfg = Release|Any CPU
		{2460571C-AA6D-CCED-F606-3E3E4DBE34A5}.Release|Any CPU.Build.0 = Release|Any CPU
		{6E85B318-1D09-8E53-3EFA-3EF13F5F612E}.Debug|Any CPU.ActiveCfg = Debug|Any CPU
		{6E85B318-1D09-8E53-3EFA-3EF13F5F612E}.Debug|Any CPU.Build.0 = Debug|Any CPU
		{6E85B318-1D09-8E53-3EFA-3EF13F5F612E}.Release|Any CPU.ActiveCfg = Release|Any CPU
		{6E85B318-1D09-8E53-3EFA-3EF13F5F612E}.Release|Any CPU.Build.0 = Release|Any CPU
		{9C41D3F3-9DD7-F857-5E90-DC9A6231648F}.Debug|Any CPU.ActiveCfg = Debug|Any CPU
		{9C41D3F3-9DD7-F857-5E90-DC9A6231648F}.Debug|Any CPU.Build.0 = Debug|Any CPU
		{9C41D3F3-9DD7-F857-5E90-DC9A6231648F}.Release|Any CPU.ActiveCfg = Release|Any CPU
		{9C41D3F3-9DD7-F857-5E90-DC9A6231648F}.Release|Any CPU.Build.0 = Release|Any CPU
		{E95F2124-79DE-4264-C09E-9E419DDBF85D}.Debug|Any CPU.ActiveCfg = Debug|Any CPU
		{E95F2124-79DE-4264-C09E-9E419DDBF85D}.Debug|Any CPU.Build.0 = Debug|Any CPU
		{E95F2124-79DE-4264-C09E-9E419DDBF85D}.Release|Any CPU.ActiveCfg = Release|Any CPU
		{E95F2124-79DE-4264-C09E-9E419DDBF85D}.Release|Any CPU.Build.0 = Release|Any CPU
		{BEEF7A3D-94FF-9AF3-2937-93E5DEDE9E30}.Debug|Any CPU.ActiveCfg = Debug|Any CPU
		{BEEF7A3D-94FF-9AF3-2937-93E5DEDE9E30}.Debug|Any CPU.Build.0 = Debug|Any CPU
		{BEEF7A3D-94FF-9AF3-2937-93E5DEDE9E30}.Release|Any CPU.ActiveCfg = Release|Any CPU
		{BEEF7A3D-94FF-9AF3-2937-93E5DEDE9E30}.Release|Any CPU.Build.0 = Release|Any CPU
		{17734BFE-2C41-D73C-A4FF-361A9FB9D702}.Debug|Any CPU.ActiveCfg = Debug|Any CPU
		{17734BFE-2C41-D73C-A4FF-361A9FB9D702}.Debug|Any CPU.Build.0 = Debug|Any CPU
		{17734BFE-2C41-D73C-A4FF-361A9FB9D702}.Release|Any CPU.ActiveCfg = Release|Any CPU
		{17734BFE-2C41-D73C-A4FF-361A9FB9D702}.Release|Any CPU.Build.0 = Release|Any CPU
		{E2034D73-98E6-EEB6-23B8-130EFDE267CA}.Debug|Any CPU.ActiveCfg = Debug|Any CPU
		{E2034D73-98E6-EEB6-23B8-130EFDE267CA}.Debug|Any CPU.Build.0 = Debug|Any CPU
		{E2034D73-98E6-EEB6-23B8-130EFDE267CA}.Release|Any CPU.ActiveCfg = Release|Any CPU
		{E2034D73-98E6-EEB6-23B8-130EFDE267CA}.Release|Any CPU.Build.0 = Release|Any CPU
		{89C9A766-D0AD-BC01-61F3-AE46C7426FF0}.Debug|Any CPU.ActiveCfg = Debug|Any CPU
		{89C9A766-D0AD-BC01-61F3-AE46C7426FF0}.Debug|Any CPU.Build.0 = Debug|Any CPU
		{89C9A766-D0AD-BC01-61F3-AE46C7426FF0}.Release|Any CPU.ActiveCfg = Release|Any CPU
		{89C9A766-D0AD-BC01-61F3-AE46C7426FF0}.Release|Any CPU.Build.0 = Release|Any CPU
		{0BF8CE25-DDA7-46AD-25D5-3216B6C4E33F}.Debug|Any CPU.ActiveCfg = Debug|Any CPU
		{0BF8CE25-DDA7-46AD-25D5-3216B6C4E33F}.Debug|Any CPU.Build.0 = Debug|Any CPU
		{0BF8CE25-DDA7-46AD-25D5-3216B6C4E33F}.Release|Any CPU.ActiveCfg = Release|Any CPU
		{0BF8CE25-DDA7-46AD-25D5-3216B6C4E33F}.Release|Any CPU.Build.0 = Release|Any CPU
		{8FF8FBD8-AEB9-701A-04F9-E43E1D4FDCFE}.Debug|Any CPU.ActiveCfg = Debug|Any CPU
		{8FF8FBD8-AEB9-701A-04F9-E43E1D4FDCFE}.Debug|Any CPU.Build.0 = Debug|Any CPU
		{8FF8FBD8-AEB9-701A-04F9-E43E1D4FDCFE}.Release|Any CPU.ActiveCfg = Release|Any CPU
		{8FF8FBD8-AEB9-701A-04F9-E43E1D4FDCFE}.Release|Any CPU.Build.0 = Release|Any CPU
		{89CC88FB-F611-C20F-A936-84ACA0B6741D}.Debug|Any CPU.ActiveCfg = Debug|Any CPU
		{89CC88FB-F611-C20F-A936-84ACA0B6741D}.Debug|Any CPU.Build.0 = Debug|Any CPU
		{89CC88FB-F611-C20F-A936-84ACA0B6741D}.Release|Any CPU.ActiveCfg = Release|Any CPU
		{89CC88FB-F611-C20F-A936-84ACA0B6741D}.Release|Any CPU.Build.0 = Release|Any CPU
		{2204B1C7-F1F2-329E-8697-C646378ABF23}.Debug|Any CPU.ActiveCfg = Debug|Any CPU
		{2204B1C7-F1F2-329E-8697-C646378ABF23}.Debug|Any CPU.Build.0 = Debug|Any CPU
		{2204B1C7-F1F2-329E-8697-C646378ABF23}.Release|Any CPU.ActiveCfg = Release|Any CPU
		{2204B1C7-F1F2-329E-8697-C646378ABF23}.Release|Any CPU.Build.0 = Release|Any CPU
		{3FC0281E-F804-8BA4-119F-A8D334273C8F}.Debug|Any CPU.ActiveCfg = Debug|Any CPU
		{3FC0281E-F804-8BA4-119F-A8D334273C8F}.Debug|Any CPU.Build.0 = Debug|Any CPU
		{3FC0281E-F804-8BA4-119F-A8D334273C8F}.Release|Any CPU.ActiveCfg = Release|Any CPU
		{3FC0281E-F804-8BA4-119F-A8D334273C8F}.Release|Any CPU.Build.0 = Release|Any CPU
		{34538AA5-02A3-BC0C-29A1-881498BAD592}.Debug|Any CPU.ActiveCfg = Debug|Any CPU
		{34538AA5-02A3-BC0C-29A1-881498BAD592}.Debug|Any CPU.Build.0 = Debug|Any CPU
		{34538AA5-02A3-BC0C-29A1-881498BAD592}.Release|Any CPU.ActiveCfg = Release|Any CPU
		{34538AA5-02A3-BC0C-29A1-881498BAD592}.Release|Any CPU.Build.0 = Release|Any CPU
		{F4846AE1-E5F5-6845-B628-6402E838692E}.Debug|Any CPU.ActiveCfg = Debug|Any CPU
		{F4846AE1-E5F5-6845-B628-6402E838692E}.Debug|Any CPU.Build.0 = Debug|Any CPU
		{F4846AE1-E5F5-6845-B628-6402E838692E}.Release|Any CPU.ActiveCfg = Release|Any CPU
		{F4846AE1-E5F5-6845-B628-6402E838692E}.Release|Any CPU.Build.0 = Release|Any CPU
		{26BCE445-2D77-1534-56F1-8ED09AA28FA4}.Debug|Any CPU.ActiveCfg = Debug|Any CPU
		{26BCE445-2D77-1534-56F1-8ED09AA28FA4}.Debug|Any CPU.Build.0 = Debug|Any CPU
		{26BCE445-2D77-1534-56F1-8ED09AA28FA4}.Release|Any CPU.ActiveCfg = Release|Any CPU
		{26BCE445-2D77-1534-56F1-8ED09AA28FA4}.Release|Any CPU.Build.0 = Release|Any CPU
		{6E46E326-DFE0-7AB0-6E1D-AED35EEF0FBA}.Debug|Any CPU.ActiveCfg = Debug|Any CPU
		{6E46E326-DFE0-7AB0-6E1D-AED35EEF0FBA}.Debug|Any CPU.Build.0 = Debug|Any CPU
		{6E46E326-DFE0-7AB0-6E1D-AED35EEF0FBA}.Release|Any CPU.ActiveCfg = Release|Any CPU
		{6E46E326-DFE0-7AB0-6E1D-AED35EEF0FBA}.Release|Any CPU.Build.0 = Release|Any CPU
		{D42566EC-C5FD-F7CC-9123-FEB865E41048}.Debug|Any CPU.ActiveCfg = Debug|Any CPU
		{D42566EC-C5FD-F7CC-9123-FEB865E41048}.Debug|Any CPU.Build.0 = Debug|Any CPU
		{D42566EC-C5FD-F7CC-9123-FEB865E41048}.Release|Any CPU.ActiveCfg = Release|Any CPU
		{D42566EC-C5FD-F7CC-9123-FEB865E41048}.Release|Any CPU.Build.0 = Release|Any CPU
		{B4F306A6-7919-F8AB-4A65-DB0C7B98AE9D}.Debug|Any CPU.ActiveCfg = Debug|Any CPU
		{B4F306A6-7919-F8AB-4A65-DB0C7B98AE9D}.Debug|Any CPU.Build.0 = Debug|Any CPU
		{B4F306A6-7919-F8AB-4A65-DB0C7B98AE9D}.Release|Any CPU.ActiveCfg = Release|Any CPU
		{B4F306A6-7919-F8AB-4A65-DB0C7B98AE9D}.Release|Any CPU.Build.0 = Release|Any CPU
		{111B3CD9-FF54-8E1A-F1EA-631C18D18E60}.Debug|Any CPU.ActiveCfg = Debug|Any CPU
		{111B3CD9-FF54-8E1A-F1EA-631C18D18E60}.Debug|Any CPU.Build.0 = Debug|Any CPU
		{111B3CD9-FF54-8E1A-F1EA-631C18D18E60}.Release|Any CPU.ActiveCfg = Release|Any CPU
		{111B3CD9-FF54-8E1A-F1EA-631C18D18E60}.Release|Any CPU.Build.0 = Release|Any CPU
		{136DE7B2-BEC3-23FF-9D87-FFA1C331191F}.Debug|Any CPU.ActiveCfg = Debug|Any CPU
		{136DE7B2-BEC3-23FF-9D87-FFA1C331191F}.Debug|Any CPU.Build.0 = Debug|Any CPU
		{136DE7B2-BEC3-23FF-9D87-FFA1C331191F}.Release|Any CPU.ActiveCfg = Release|Any CPU
		{136DE7B2-BEC3-23FF-9D87-FFA1C331191F}.Release|Any CPU.Build.0 = Release|Any CPU
		{C29AAF66-A4D4-62B5-565B-E62EF3A4B1EC}.Debug|Any CPU.ActiveCfg = Debug|Any CPU
		{C29AAF66-A4D4-62B5-565B-E62EF3A4B1EC}.Debug|Any CPU.Build.0 = Debug|Any CPU
		{C29AAF66-A4D4-62B5-565B-E62EF3A4B1EC}.Release|Any CPU.ActiveCfg = Release|Any CPU
		{C29AAF66-A4D4-62B5-565B-E62EF3A4B1EC}.Release|Any CPU.Build.0 = Release|Any CPU
		{454C72FF-6405-C8A1-DFAE-6C901FDC2E67}.Debug|Any CPU.ActiveCfg = Debug|Any CPU
		{454C72FF-6405-C8A1-DFAE-6C901FDC2E67}.Debug|Any CPU.Build.0 = Debug|Any CPU
		{454C72FF-6405-C8A1-DFAE-6C901FDC2E67}.Release|Any CPU.ActiveCfg = Release|Any CPU
		{454C72FF-6405-C8A1-DFAE-6C901FDC2E67}.Release|Any CPU.Build.0 = Release|Any CPU
		{13BDFC9C-2CA2-7598-1E12-4C131CAE3F90}.Debug|Any CPU.ActiveCfg = Debug|Any CPU
		{13BDFC9C-2CA2-7598-1E12-4C131CAE3F90}.Debug|Any CPU.Build.0 = Debug|Any CPU
		{13BDFC9C-2CA2-7598-1E12-4C131CAE3F90}.Release|Any CPU.ActiveCfg = Release|Any CPU
		{13BDFC9C-2CA2-7598-1E12-4C131CAE3F90}.Release|Any CPU.Build.0 = Release|Any CPU
		{1EB45F38-350C-6E6E-2256-A1616404F454}.Debug|Any CPU.ActiveCfg = Debug|Any CPU
		{1EB45F38-350C-6E6E-2256-A1616404F454}.Debug|Any CPU.Build.0 = Debug|Any CPU
		{1EB45F38-350C-6E6E-2256-A1616404F454}.Release|Any CPU.ActiveCfg = Release|Any CPU
		{1EB45F38-350C-6E6E-2256-A1616404F454}.Release|Any CPU.Build.0 = Release|Any CPU
		{3F5D8657-C455-84F6-E2BF-E08467CC04A5}.Debug|Any CPU.ActiveCfg = Debug|Any CPU
		{3F5D8657-C455-84F6-E2BF-E08467CC04A5}.Debug|Any CPU.Build.0 = Debug|Any CPU
		{3F5D8657-C455-84F6-E2BF-E08467CC04A5}.Release|Any CPU.ActiveCfg = Release|Any CPU
		{3F5D8657-C455-84F6-E2BF-E08467CC04A5}.Release|Any CPU.Build.0 = Release|Any CPU
		{7B2ABFC5-52C0-F949-B17E-A06B5147EE33}.Debug|Any CPU.ActiveCfg = Debug|Any CPU
		{7B2ABFC5-52C0-F949-B17E-A06B5147EE33}.Debug|Any CPU.Build.0 = Debug|Any CPU
		{7B2ABFC5-52C0-F949-B17E-A06B5147EE33}.Release|Any CPU.ActiveCfg = Release|Any CPU
		{7B2ABFC5-52C0-F949-B17E-A06B5147EE33}.Release|Any CPU.Build.0 = Release|Any CPU
		{903D5E97-5033-E2A1-208E-A0C551ACC4C7}.Debug|Any CPU.ActiveCfg = Debug|Any CPU
		{903D5E97-5033-E2A1-208E-A0C551ACC4C7}.Debug|Any CPU.Build.0 = Debug|Any CPU
		{903D5E97-5033-E2A1-208E-A0C551ACC4C7}.Release|Any CPU.ActiveCfg = Release|Any CPU
		{903D5E97-5033-E2A1-208E-A0C551ACC4C7}.Release|Any CPU.Build.0 = Release|Any CPU
		{89BFB1E4-C671-CF6F-84B0-5B7EDDDBD469}.Debug|Any CPU.ActiveCfg = Debug|Any CPU
		{89BFB1E4-C671-CF6F-84B0-5B7EDDDBD469}.Debug|Any CPU.Build.0 = Debug|Any CPU
		{89BFB1E4-C671-CF6F-84B0-5B7EDDDBD469}.Release|Any CPU.ActiveCfg = Release|Any CPU
		{89BFB1E4-C671-CF6F-84B0-5B7EDDDBD469}.Release|Any CPU.Build.0 = Release|Any CPU
		{96EED95F-7AF5-05E3-9AF6-353D84CF320E}.Debug|Any CPU.ActiveCfg = Debug|Any CPU
		{96EED95F-7AF5-05E3-9AF6-353D84CF320E}.Debug|Any CPU.Build.0 = Debug|Any CPU
		{96EED95F-7AF5-05E3-9AF6-353D84CF320E}.Release|Any CPU.ActiveCfg = Release|Any CPU
		{96EED95F-7AF5-05E3-9AF6-353D84CF320E}.Release|Any CPU.Build.0 = Release|Any CPU
		{B62017ED-DA54-1CFF-2F3C-011CADD37744}.Debug|Any CPU.ActiveCfg = Debug|Any CPU
		{B62017ED-DA54-1CFF-2F3C-011CADD37744}.Debug|Any CPU.Build.0 = Debug|Any CPU
		{B62017ED-DA54-1CFF-2F3C-011CADD37744}.Release|Any CPU.ActiveCfg = Release|Any CPU
		{B62017ED-DA54-1CFF-2F3C-011CADD37744}.Release|Any CPU.Build.0 = Release|Any CPU
	EndGlobalSection
	GlobalSection(SolutionProperties) = preSolution
		HideSolutionNode = FALSE
	EndGlobalSection
EndGlobal
