
Microsoft Visual Studio Solution File, Format Version 12.00
# Visual Studio 15
Project("{FAE04EC0-301F-11D3-BF4B-00C04F79EFBC}") = "UnityEngine.TestRunner", "UnityEngine.TestRunner.csproj", "{C2600AAF-6EDA-6BE8-7222-78F1E0BC7F7A}"
EndProject
Project("{FAE04EC0-301F-11D3-BF4B-00C04F79EFBC}") = "Unity.Mathematics", "Unity.Mathematics.csproj", "{54F7551E-CF97-5D08-BBCD-05AF5A4162FA}"
EndProject
Project("{FAE04EC0-301F-11D3-BF4B-00C04F79EFBC}") = "Unity.2D.Animation.Triangle.Runtime", "Unity.2D.Animation.Triangle.Runtime.csproj", "{D3B0542A-9BD6-EAC7-479E-C7AA21B3FAEE}"
EndProject
Project("{FAE04EC0-301F-11D3-BF4B-00C04F79EFBC}") = "Unity.Timeline", "Unity.Timeline.csproj", "{A40560D1-CA44-5442-4765-B004ABEDB447}"
EndProject
Project("{FAE04EC0-301F-11D3-BF4B-00C04F79EFBC}") = "Unity.ProBuilder", "Unity.ProBuilder.csproj", "{DEBF0C51-C5C5-B289-D5EA-27F3426EFBF7}"
EndProject
Project("{FAE04EC0-301F-11D3-BF4B-00C04F79EFBC}") = "UnityEngine.UI", "UnityEngine.UI.csproj", "{CE711EEC-4703-E22C-1E50-C3FBABF3936A}"
EndProject
Project("{FAE04EC0-301F-11D3-BF4B-00C04F79EFBC}") = "Unity.TextMeshPro", "Unity.TextMeshPro.csproj", "{6E6492DD-06A2-DF1D-8FF1-CC479A78D615}"
EndProject
Project("{FAE04EC0-301F-11D3-BF4B-00C04F79EFBC}") = "Unity.2D.Animation.Runtime", "Unity.2D.Animation.Runtime.csproj", "{41903A20-C791-3DDD-E8BF-DCD0C9E1BC80}"
EndProject
Project("{FAE04EC0-301F-11D3-BF4B-00C04F79EFBC}") = "Unity.ProBuilder.Poly2Tri", "Unity.ProBuilder.Poly2Tri.csproj", "{BF2D3C61-D06A-86A5-204F-F46544A84CC8}"
EndProject
Project("{FAE04EC0-301F-11D3-BF4B-00C04F79EFBC}") = "Assembly-CSharp", "Assembly-CSharp.csproj", "{9B282EBB-F650-CE4C-3165-30EC9E911FE9}"
EndProject
Project("{FAE04EC0-301F-11D3-BF4B-00C04F79EFBC}") = "Unity.2D.IK.Runtime", "Unity.2D.IK.Runtime.csproj", "{1EF55662-0B6F-791A-20E2-517E801F4DB1}"
EndProject
Project("{FAE04EC0-301F-11D3-BF4B-00C04F79EFBC}") = "Unity.2D.SpriteShape.Runtime", "Unity.2D.SpriteShape.Runtime.csproj", "{2FECBC9A-C0EE-9FF5-96ED-D25C991E865F}"
EndProject
Project("{FAE04EC0-301F-11D3-BF4B-00C04F79EFBC}") = "Unity.ProGrids", "Unity.ProGrids.csproj", "{80D6B89B-2093-F553-5D9C-B833FA87F30E}"
EndProject
Project("{FAE04EC0-301F-11D3-BF4B-00C04F79EFBC}") = "Unity.ProBuilder.Csg", "Unity.ProBuilder.Csg.csproj", "{C3055D8F-3315-7680-79DD-97E2D560E018}"
EndProject
Project("{FAE04EC0-301F-11D3-BF4B-00C04F79EFBC}") = "Unity.2D.PixelPerfect", "Unity.2D.PixelPerfect.csproj", "{FA686FDB-B90F-3D03-B83F-85DE1BF041ED}"
EndProject
Project("{FAE04EC0-301F-11D3-BF4B-00C04F79EFBC}") = "Unity.ProBuilder.KdTree", "Unity.ProBuilder.KdTree.csproj", "{BEB476C0-4E75-CFAC-8820-54D2C3C0DCD8}"
EndProject
Project("{FAE04EC0-301F-11D3-BF4B-00C04F79EFBC}") = "Unity.ProBuilder.Stl", "Unity.ProBuilder.Stl.csproj", "{A1259F10-FC8F-53F2-3C1B-982EC0BD6818}"
EndProject
Project("{FAE04EC0-301F-11D3-BF4B-00C04F79EFBC}") = "Unity.2D.Common.Runtime", "Unity.2D.Common.Runtime.csproj", "{FA968996-F834-C3E4-B635-AA2C6C1FB4E7}"
EndProject
Project("{FAE04EC0-301F-11D3-BF4B-00C04F79EFBC}") = "Unity.InternalAPIEngineBridge.001", "Unity.InternalAPIEngineBridge.001.csproj", "{9F8D692B-AFAD-F591-50B0-36E928131602}"
EndProject
Project("{FAE04EC0-301F-11D3-BF4B-00C04F79EFBC}") = "UnityEditor.TestRunner", "UnityEditor.TestRunner.csproj", "{6E199A67-FB40-FA5C-9E3B-19AAEC521DE4}"
EndProject
Project("{FAE04EC0-301F-11D3-BF4B-00C04F79EFBC}") = "Unity.ProBuilder.Editor", "Unity.ProBuilder.Editor.csproj", "{3691CC48-A868-E7BF-34E6-BD7F4E05E8DD}"
EndProject
Project("{FAE04EC0-301F-11D3-BF4B-00C04F79EFBC}") = "Unity.PlasticSCM.Editor", "Unity.PlasticSCM.Editor.csproj", "{2963AC37-F962-8691-39B0-3F442B8EE150}"
EndProject
Project("{FAE04EC0-301F-11D3-BF4B-00C04F79EFBC}") = "UnityEditor.UI", "UnityEditor.UI.csproj", "{6A8562D3-7E02-EA77-74DB-939FD8A292D3}"
EndProject
Project("{FAE04EC0-301F-11D3-BF4B-00C04F79EFBC}") = "Unity.Services.Core.Editor", "Unity.Services.Core.Editor.csproj", "{50983BD9-89C8-5E8D-701D-22CFAF238D46}"
EndProject
Project("{FAE04EC0-301F-11D3-BF4B-00C04F79EFBC}") = "Unity.Timeline.Editor", "Unity.Timeline.Editor.csproj", "{201D29D9-989B-473A-B691-216718BFAC12}"
EndProject
Project("{FAE04EC0-301F-11D3-BF4B-00C04F79EFBC}") = "Unity.VisualStudio.Editor", "Unity.VisualStudio.Editor.csproj", "{572020E2-13E4-0A06-E495-C3F74093282F}"
EndProject
Project("{FAE04EC0-301F-11D3-BF4B-00C04F79EFBC}") = "Unity.2D.Psdimporter.Editor", "Unity.2D.Psdimporter.Editor.csproj", "{EEFE2110-EF96-6403-F529-7E9571A68B83}"
EndProject
Project("{FAE04EC0-301F-11D3-BF4B-00C04F79EFBC}") = "Unity.2D.Animation.Editor", "Unity.2D.Animation.Editor.csproj", "{F07EE335-7CC5-DF6C-1CE7-4BA031430FB5}"
EndProject
Project("{FAE04EC0-301F-11D3-BF4B-00C04F79EFBC}") = "Unity.TextMeshPro.Editor", "Unity.TextMeshPro.Editor.csproj", "{705C7769-3369-7EB0-15AE-E18FE8BDE30E}"
EndProject
Project("{FAE04EC0-301F-11D3-BF4B-00C04F79EFBC}") = "Unity.2D.SpriteShape.Editor", "Unity.2D.SpriteShape.Editor.csproj", "{7EFF525A-16A7-DAC4-5515-56E9CA568B1B}"
EndProject
Project("{FAE04EC0-301F-11D3-BF4B-00C04F79EFBC}") = "Unity.CollabProxy.Editor", "Unity.CollabProxy.Editor.csproj", "{E7DC1940-EBBD-2A3A-12E4-4E831F7AD73B}"
EndProject
Project("{FAE04EC0-301F-11D3-BF4B-00C04F79EFBC}") = "PsdPlugin", "PsdPlugin.csproj", "{E1825BBA-2D6F-4F35-45BF-4F7C0EB83639}"
EndProject
Project("{FAE04EC0-301F-11D3-BF4B-00C04F79EFBC}") = "Unity.2D.Path.Editor", "Unity.2D.Path.Editor.csproj", "{60D3AE53-72F7-2539-44F6-4EA2287CC598}"
EndProject
Project("{FAE04EC0-301F-11D3-BF4B-00C04F79EFBC}") = "Unity.Rider.Editor", "Unity.Rider.Editor.csproj", "{32F97E8E-2A11-2ADA-B8A4-4C528EC38171}"
EndProject
Project("{FAE04EC0-301F-11D3-BF4B-00C04F79EFBC}") = "Unity.ProGrids.Editor", "Unity.ProGrids.Editor.csproj", "{0644E4DB-02A3-3169-EE32-6FDB5D6B4581}"
EndProject
Project("{FAE04EC0-301F-11D3-BF4B-00C04F79EFBC}") = "Unity.2D.IK.Editor", "Unity.2D.IK.Editor.csproj", "{4E36EEFE-F4B8-96FF-D029-E84C7B88EA90}"
EndProject
Project("{FAE04EC0-301F-11D3-BF4B-00C04F79EFBC}") = "Unity.2D.Sprite.Editor", "Unity.2D.Sprite.Editor.csproj", "{21AA89C8-0C7B-9AD4-A454-F221EAE8E1E8}"
EndProject
Project("{FAE04EC0-301F-11D3-BF4B-00C04F79EFBC}") = "Unity.2D.Tilemap.Editor", "Unity.2D.Tilemap.Editor.csproj", "{43469B7A-78D8-0C5D-94FB-B8884597F11F}"
EndProject
Project("{FAE04EC0-301F-11D3-BF4B-00C04F79EFBC}") = "Unity.2D.PixelPerfect.Editor", "Unity.2D.PixelPerfect.Editor.csproj", "{D8365B9F-5AF9-934A-6092-D6D4ED5C3638}"
EndProject
Project("{FAE04EC0-301F-11D3-BF4B-00C04F79EFBC}") = "Unity.VSCode.Editor", "Unity.VSCode.Editor.csproj", "{D164C3FD-5216-1E3D-797B-A584E7CAC12D}"
EndProject
Project("{FAE04EC0-301F-11D3-BF4B-00C04F79EFBC}") = "Unity.ProBuilder.AssetIdRemapUtility", "Unity.ProBuilder.AssetIdRemapUtility.csproj", "{6D57B718-9662-A506-AED3-D5CCC9BEA9B0}"
EndProject
Project("{FAE04EC0-301F-11D3-BF4B-00C04F79EFBC}") = "Unity.Settings.Editor", "Unity.Settings.Editor.csproj", "{1311DCE2-4F4A-8910-0344-78956B632092}"
EndProject
Project("{FAE04EC0-301F-11D3-BF4B-00C04F79EFBC}") = "Unity.2D.Common.Editor", "Unity.2D.Common.Editor.csproj", "{078035DE-A5CF-06FC-E930-3459E568BA78}"
EndProject
Project("{FAE04EC0-301F-11D3-BF4B-00C04F79EFBC}") = "Unity.Mathematics.Editor", "Unity.Mathematics.Editor.csproj", "{7F3881D6-01AD-7F16-F1EA-30313B59E45F}"
EndProject
Project("{FAE04EC0-301F-11D3-BF4B-00C04F79EFBC}") = "Assembly-CSharp-Editor", "Assembly-CSharp-Editor.csproj", "{0FED2E11-7FA6-E16A-67E7-6FD31CE210A8}"
EndProject
Project("{FAE04EC0-301F-11D3-BF4B-00C04F79EFBC}") = "Unity.ProBuilder.AddOns.Editor", "Unity.ProBuilder.AddOns.Editor.csproj", "{AB1056CA-0A54-4639-7841-A5C48D0FFAF4}"
EndProject
Project("{FAE04EC0-301F-11D3-BF4B-00C04F79EFBC}") = "Unity.InternalAPIEditorBridge.001", "Unity.InternalAPIEditorBridge.001.csproj", "{01B68324-440B-E69C-3E6D-886FACB22ADD}"
EndProject
Project("{FAE04EC0-301F-11D3-BF4B-00C04F79EFBC}") = "UnityEngine.TestRunner", "UnityEngine.TestRunner.Player.csproj", "{9B2E8AD7-BA60-3222-E5CF-6927FF58D2DB}"
EndProject
Project("{FAE04EC0-301F-11D3-BF4B-00C04F79EFBC}") = "Unity.Mathematics", "Unity.Mathematics.Player.csproj", "{16D09AE7-3702-AAC3-5190-E3D79F7ED0CE}"
EndProject
Project("{FAE04EC0-301F-11D3-BF4B-00C04F79EFBC}") = "Unity.2D.Animation.Triangle.Runtime", "Unity.2D.Animation.Triangle.Runtime.Player.csproj", "{D88E5D38-14A5-079A-1928-22052462A69E}"
EndProject
Project("{FAE04EC0-301F-11D3-BF4B-00C04F79EFBC}") = "Unity.Timeline", "Unity.Timeline.Player.csproj", "{59C9452E-21E6-6606-833E-2E6C7AF2DDE4}"
EndProject
Project("{FAE04EC0-301F-11D3-BF4B-00C04F79EFBC}") = "Unity.ProBuilder", "Unity.ProBuilder.Player.csproj", "{5FB65D2B-ADCA-D134-CD92-9767F3A60ACC}"
EndProject
Project("{FAE04EC0-301F-11D3-BF4B-00C04F79EFBC}") = "UnityEngine.UI", "UnityEngine.UI.Player.csproj", "{F127140E-C8F1-806E-7CC9-78C91CD29C34}"
EndProject
Project("{FAE04EC0-301F-11D3-BF4B-00C04F79EFBC}") = "Unity.TextMeshPro", "Unity.TextMeshPro.Player.csproj", "{2FFC9512-3262-7223-9535-8BA5ED218CE6}"
EndProject
Project("{FAE04EC0-301F-11D3-BF4B-00C04F79EFBC}") = "Unity.2D.Animation.Runtime", "Unity.2D.Animation.Runtime.Player.csproj", "{4AD4EF6A-BD84-909D-39A1-62696A9ACC99}"
EndProject
Project("{FAE04EC0-301F-11D3-BF4B-00C04F79EFBC}") = "Unity.ProBuilder.Poly2Tri", "Unity.ProBuilder.Poly2Tri.Player.csproj", "{B6EFEB3C-B5E0-CE1A-57BD-4A3F6020A113}"
EndProject
Project("{FAE04EC0-301F-11D3-BF4B-00C04F79EFBC}") = "Assembly-CSharp", "Assembly-CSharp.Player.csproj", "{46BA12CC-815B-F87A-6C58-DCE45699909A}"
EndProject
Project("{FAE04EC0-301F-11D3-BF4B-00C04F79EFBC}") = "Unity.2D.IK.Runtime", "Unity.2D.IK.Runtime.Player.csproj", "{6CDF1346-B2C6-971D-AB9D-D78EC4FC36A9}"
EndProject
Project("{FAE04EC0-301F-11D3-BF4B-00C04F79EFBC}") = "Unity.2D.SpriteShape.Runtime", "Unity.2D.SpriteShape.Runtime.Player.csproj", "{B615271B-4FF7-01E4-F518-CD2AFA091495}"
EndProject
Project("{FAE04EC0-301F-11D3-BF4B-00C04F79EFBC}") = "Unity.ProGrids", "Unity.ProGrids.Player.csproj", "{79AB00A9-59A7-E031-4A2E-E189CD7F14AF}"
EndProject
Project("{FAE04EC0-301F-11D3-BF4B-00C04F79EFBC}") = "Unity.ProBuilder.Csg", "Unity.ProBuilder.Csg.Player.csproj", "{6EA63BF3-2C0F-3524-B6F1-88E4588FA96C}"
EndProject
Project("{FAE04EC0-301F-11D3-BF4B-00C04F79EFBC}") = "Unity.2D.PixelPerfect", "Unity.2D.PixelPerfect.Player.csproj", "{66701935-89CE-614E-62F6-FC2877B50A74}"
EndProject
Project("{FAE04EC0-301F-11D3-BF4B-00C04F79EFBC}") = "Unity.ProBuilder.KdTree", "Unity.ProBuilder.KdTree.Player.csproj", "{00CB9A43-6238-6B98-3FD3-4AD198843135}"
EndProject
Project("{FAE04EC0-301F-11D3-BF4B-00C04F79EFBC}") = "Unity.ProBuilder.Stl", "Unity.ProBuilder.Stl.Player.csproj", "{4EE85ABF-05B8-1D59-5AD5-E854126A53B9}"
EndProject
Project("{FAE04EC0-301F-11D3-BF4B-00C04F79EFBC}") = "Unity.2D.Common.Runtime", "Unity.2D.Common.Runtime.Player.csproj", "{F13ECB43-D038-03A1-CFBD-C3E5474C761E}"
EndProject
Project("{FAE04EC0-301F-11D3-BF4B-00C04F79EFBC}") = "Unity.InternalAPIEngineBridge.001", "Unity.InternalAPIEngineBridge.001.Player.csproj", "{9D900355-31BC-2E5D-3E38-5F23D2550ED5}"
EndProject
Global
	GlobalSection(SolutionConfigurationPlatforms) = preSolution
		Debug|Any CPU = Debug|Any CPU
		Release|Any CPU = Release|Any CPU
	EndGlobalSection
	GlobalSection(ProjectConfigurationPlatforms) = postSolution
		{C2600AAF-6EDA-6BE8-7222-78F1E0BC7F7A}.Debug|Any CPU.ActiveCfg = Debug|Any CPU
		{C2600AAF-6EDA-6BE8-7222-78F1E0BC7F7A}.Debug|Any CPU.Build.0 = Debug|Any CPU
		{C2600AAF-6EDA-6BE8-7222-78F1E0BC7F7A}.Release|Any CPU.ActiveCfg = Release|Any CPU
		{C2600AAF-6EDA-6BE8-7222-78F1E0BC7F7A}.Release|Any CPU.Build.0 = Release|Any CPU
		{54F7551E-CF97-5D08-BBCD-05AF5A4162FA}.Debug|Any CPU.ActiveCfg = Debug|Any CPU
		{54F7551E-CF97-5D08-BBCD-05AF5A4162FA}.Debug|Any CPU.Build.0 = Debug|Any CPU
		{54F7551E-CF97-5D08-BBCD-05AF5A4162FA}.Release|Any CPU.ActiveCfg = Release|Any CPU
		{54F7551E-CF97-5D08-BBCD-05AF5A4162FA}.Release|Any CPU.Build.0 = Release|Any CPU
		{D3B0542A-9BD6-EAC7-479E-C7AA21B3FAEE}.Debug|Any CPU.ActiveCfg = Debug|Any CPU
		{D3B0542A-9BD6-EAC7-479E-C7AA21B3FAEE}.Debug|Any CPU.Build.0 = Debug|Any CPU
		{D3B0542A-9BD6-EAC7-479E-C7AA21B3FAEE}.Release|Any CPU.ActiveCfg = Release|Any CPU
		{D3B0542A-9BD6-EAC7-479E-C7AA21B3FAEE}.Release|Any CPU.Build.0 = Release|Any CPU
		{A40560D1-CA44-5442-4765-B004ABEDB447}.Debug|Any CPU.ActiveCfg = Debug|Any CPU
		{A40560D1-CA44-5442-4765-B004ABEDB447}.Debug|Any CPU.Build.0 = Debug|Any CPU
		{A40560D1-CA44-5442-4765-B004ABEDB447}.Release|Any CPU.ActiveCfg = Release|Any CPU
		{A40560D1-CA44-5442-4765-B004ABEDB447}.Release|Any CPU.Build.0 = Release|Any CPU
		{DEBF0C51-C5C5-B289-D5EA-27F3426EFBF7}.Debug|Any CPU.ActiveCfg = Debug|Any CPU
		{DEBF0C51-C5C5-B289-D5EA-27F3426EFBF7}.Debug|Any CPU.Build.0 = Debug|Any CPU
		{DEBF0C51-C5C5-B289-D5EA-27F3426EFBF7}.Release|Any CPU.ActiveCfg = Release|Any CPU
		{DEBF0C51-C5C5-B289-D5EA-27F3426EFBF7}.Release|Any CPU.Build.0 = Release|Any CPU
		{CE711EEC-4703-E22C-1E50-C3FBABF3936A}.Debug|Any CPU.ActiveCfg = Debug|Any CPU
		{CE711EEC-4703-E22C-1E50-C3FBABF3936A}.Debug|Any CPU.Build.0 = Debug|Any CPU
		{CE711EEC-4703-E22C-1E50-C3FBABF3936A}.Release|Any CPU.ActiveCfg = Release|Any CPU
		{CE711EEC-4703-E22C-1E50-C3FBABF3936A}.Release|Any CPU.Build.0 = Release|Any CPU
		{6E6492DD-06A2-DF1D-8FF1-CC479A78D615}.Debug|Any CPU.ActiveCfg = Debug|Any CPU
		{6E6492DD-06A2-DF1D-8FF1-CC479A78D615}.Debug|Any CPU.Build.0 = Debug|Any CPU
		{6E6492DD-06A2-DF1D-8FF1-CC479A78D615}.Release|Any CPU.ActiveCfg = Release|Any CPU
		{6E6492DD-06A2-DF1D-8FF1-CC479A78D615}.Release|Any CPU.Build.0 = Release|Any CPU
		{41903A20-C791-3DDD-E8BF-DCD0C9E1BC80}.Debug|Any CPU.ActiveCfg = Debug|Any CPU
		{41903A20-C791-3DDD-E8BF-DCD0C9E1BC80}.Debug|Any CPU.Build.0 = Debug|Any CPU
		{41903A20-C791-3DDD-E8BF-DCD0C9E1BC80}.Release|Any CPU.ActiveCfg = Release|Any CPU
		{41903A20-C791-3DDD-E8BF-DCD0C9E1BC80}.Release|Any CPU.Build.0 = Release|Any CPU
		{BF2D3C61-D06A-86A5-204F-F46544A84CC8}.Debug|Any CPU.ActiveCfg = Debug|Any CPU
		{BF2D3C61-D06A-86A5-204F-F46544A84CC8}.Debug|Any CPU.Build.0 = Debug|Any CPU
		{BF2D3C61-D06A-86A5-204F-F46544A84CC8}.Release|Any CPU.ActiveCfg = Release|Any CPU
		{BF2D3C61-D06A-86A5-204F-F46544A84CC8}.Release|Any CPU.Build.0 = Release|Any CPU
		{9B282EBB-F650-CE4C-3165-30EC9E911FE9}.Debug|Any CPU.ActiveCfg = Debug|Any CPU
		{9B282EBB-F650-CE4C-3165-30EC9E911FE9}.Debug|Any CPU.Build.0 = Debug|Any CPU
		{9B282EBB-F650-CE4C-3165-30EC9E911FE9}.Release|Any CPU.ActiveCfg = Release|Any CPU
		{9B282EBB-F650-CE4C-3165-30EC9E911FE9}.Release|Any CPU.Build.0 = Release|Any CPU
		{1EF55662-0B6F-791A-20E2-517E801F4DB1}.Debug|Any CPU.ActiveCfg = Debug|Any CPU
		{1EF55662-0B6F-791A-20E2-517E801F4DB1}.Debug|Any CPU.Build.0 = Debug|Any CPU
		{1EF55662-0B6F-791A-20E2-517E801F4DB1}.Release|Any CPU.ActiveCfg = Release|Any CPU
		{1EF55662-0B6F-791A-20E2-517E801F4DB1}.Release|Any CPU.Build.0 = Release|Any CPU
		{2FECBC9A-C0EE-9FF5-96ED-D25C991E865F}.Debug|Any CPU.ActiveCfg = Debug|Any CPU
		{2FECBC9A-C0EE-9FF5-96ED-D25C991E865F}.Debug|Any CPU.Build.0 = Debug|Any CPU
		{2FECBC9A-C0EE-9FF5-96ED-D25C991E865F}.Release|Any CPU.ActiveCfg = Release|Any CPU
		{2FECBC9A-C0EE-9FF5-96ED-D25C991E865F}.Release|Any CPU.Build.0 = Release|Any CPU
		{80D6B89B-2093-F553-5D9C-B833FA87F30E}.Debug|Any CPU.ActiveCfg = Debug|Any CPU
		{80D6B89B-2093-F553-5D9C-B833FA87F30E}.Debug|Any CPU.Build.0 = Debug|Any CPU
		{80D6B89B-2093-F553-5D9C-B833FA87F30E}.Release|Any CPU.ActiveCfg = Release|Any CPU
		{80D6B89B-2093-F553-5D9C-B833FA87F30E}.Release|Any CPU.Build.0 = Release|Any CPU
		{C3055D8F-3315-7680-79DD-97E2D560E018}.Debug|Any CPU.ActiveCfg = Debug|Any CPU
		{C3055D8F-3315-7680-79DD-97E2D560E018}.Debug|Any CPU.Build.0 = Debug|Any CPU
		{C3055D8F-3315-7680-79DD-97E2D560E018}.Release|Any CPU.ActiveCfg = Release|Any CPU
		{C3055D8F-3315-7680-79DD-97E2D560E018}.Release|Any CPU.Build.0 = Release|Any CPU
		{FA686FDB-B90F-3D03-B83F-85DE1BF041ED}.Debug|Any CPU.ActiveCfg = Debug|Any CPU
		{FA686FDB-B90F-3D03-B83F-85DE1BF041ED}.Debug|Any CPU.Build.0 = Debug|Any CPU
		{FA686FDB-B90F-3D03-B83F-85DE1BF041ED}.Release|Any CPU.ActiveCfg = Release|Any CPU
		{FA686FDB-B90F-3D03-B83F-85DE1BF041ED}.Release|Any CPU.Build.0 = Release|Any CPU
		{BEB476C0-4E75-CFAC-8820-54D2C3C0DCD8}.Debug|Any CPU.ActiveCfg = Debug|Any CPU
		{BEB476C0-4E75-CFAC-8820-54D2C3C0DCD8}.Debug|Any CPU.Build.0 = Debug|Any CPU
		{BEB476C0-4E75-CFAC-8820-54D2C3C0DCD8}.Release|Any CPU.ActiveCfg = Release|Any CPU
		{BEB476C0-4E75-CFAC-8820-54D2C3C0DCD8}.Release|Any CPU.Build.0 = Release|Any CPU
		{A1259F10-FC8F-53F2-3C1B-982EC0BD6818}.Debug|Any CPU.ActiveCfg = Debug|Any CPU
		{A1259F10-FC8F-53F2-3C1B-982EC0BD6818}.Debug|Any CPU.Build.0 = Debug|Any CPU
		{A1259F10-FC8F-53F2-3C1B-982EC0BD6818}.Release|Any CPU.ActiveCfg = Release|Any CPU
		{A1259F10-FC8F-53F2-3C1B-982EC0BD6818}.Release|Any CPU.Build.0 = Release|Any CPU
		{FA968996-F834-C3E4-B635-AA2C6C1FB4E7}.Debug|Any CPU.ActiveCfg = Debug|Any CPU
		{FA968996-F834-C3E4-B635-AA2C6C1FB4E7}.Debug|Any CPU.Build.0 = Debug|Any CPU
		{FA968996-F834-C3E4-B635-AA2C6C1FB4E7}.Release|Any CPU.ActiveCfg = Release|Any CPU
		{FA968996-F834-C3E4-B635-AA2C6C1FB4E7}.Release|Any CPU.Build.0 = Release|Any CPU
		{9F8D692B-AFAD-F591-50B0-36E928131602}.Debug|Any CPU.ActiveCfg = Debug|Any CPU
		{9F8D692B-AFAD-F591-50B0-36E928131602}.Debug|Any CPU.Build.0 = Debug|Any CPU
		{9F8D692B-AFAD-F591-50B0-36E928131602}.Release|Any CPU.ActiveCfg = Release|Any CPU
		{9F8D692B-AFAD-F591-50B0-36E928131602}.Release|Any CPU.Build.0 = Release|Any CPU
		{6E199A67-FB40-FA5C-9E3B-19AAEC521DE4}.Debug|Any CPU.ActiveCfg = Debug|Any CPU
		{6E199A67-FB40-FA5C-9E3B-19AAEC521DE4}.Debug|Any CPU.Build.0 = Debug|Any CPU
		{6E199A67-FB40-FA5C-9E3B-19AAEC521DE4}.Release|Any CPU.ActiveCfg = Release|Any CPU
		{6E199A67-FB40-FA5C-9E3B-19AAEC521DE4}.Release|Any CPU.Build.0 = Release|Any CPU
		{3691CC48-A868-E7BF-34E6-BD7F4E05E8DD}.Debug|Any CPU.ActiveCfg = Debug|Any CPU
		{3691CC48-A868-E7BF-34E6-BD7F4E05E8DD}.Debug|Any CPU.Build.0 = Debug|Any CPU
		{3691CC48-A868-E7BF-34E6-BD7F4E05E8DD}.Release|Any CPU.ActiveCfg = Release|Any CPU
		{3691CC48-A868-E7BF-34E6-BD7F4E05E8DD}.Release|Any CPU.Build.0 = Release|Any CPU
		{2963AC37-F962-8691-39B0-3F442B8EE150}.Debug|Any CPU.ActiveCfg = Debug|Any CPU
		{2963AC37-F962-8691-39B0-3F442B8EE150}.Debug|Any CPU.Build.0 = Debug|Any CPU
		{2963AC37-F962-8691-39B0-3F442B8EE150}.Release|Any CPU.ActiveCfg = Release|Any CPU
		{2963AC37-F962-8691-39B0-3F442B8EE150}.Release|Any CPU.Build.0 = Release|Any CPU
		{6A8562D3-7E02-EA77-74DB-939FD8A292D3}.Debug|Any CPU.ActiveCfg = Debug|Any CPU
		{6A8562D3-7E02-EA77-74DB-939FD8A292D3}.Debug|Any CPU.Build.0 = Debug|Any CPU
		{6A8562D3-7E02-EA77-74DB-939FD8A292D3}.Release|Any CPU.ActiveCfg = Release|Any CPU
		{6A8562D3-7E02-EA77-74DB-939FD8A292D3}.Release|Any CPU.Build.0 = Release|Any CPU
		{50983BD9-89C8-5E8D-701D-22CFAF238D46}.Debug|Any CPU.ActiveCfg = Debug|Any CPU
		{50983BD9-89C8-5E8D-701D-22CFAF238D46}.Debug|Any CPU.Build.0 = Debug|Any CPU
		{50983BD9-89C8-5E8D-701D-22CFAF238D46}.Release|Any CPU.ActiveCfg = Release|Any CPU
		{50983BD9-89C8-5E8D-701D-22CFAF238D46}.Release|Any CPU.Build.0 = Release|Any CPU
		{201D29D9-989B-473A-B691-216718BFAC12}.Debug|Any CPU.ActiveCfg = Debug|Any CPU
		{201D29D9-989B-473A-B691-216718BFAC12}.Debug|Any CPU.Build.0 = Debug|Any CPU
		{201D29D9-989B-473A-B691-216718BFAC12}.Release|Any CPU.ActiveCfg = Release|Any CPU
		{201D29D9-989B-473A-B691-216718BFAC12}.Release|Any CPU.Build.0 = Release|Any CPU
		{572020E2-13E4-0A06-E495-C3F74093282F}.Debug|Any CPU.ActiveCfg = Debug|Any CPU
		{572020E2-13E4-0A06-E495-C3F74093282F}.Debug|Any CPU.Build.0 = Debug|Any CPU
		{572020E2-13E4-0A06-E495-C3F74093282F}.Release|Any CPU.ActiveCfg = Release|Any CPU
		{572020E2-13E4-0A06-E495-C3F74093282F}.Release|Any CPU.Build.0 = Release|Any CPU
		{EEFE2110-EF96-6403-F529-7E9571A68B83}.Debug|Any CPU.ActiveCfg = Debug|Any CPU
		{EEFE2110-EF96-6403-F529-7E9571A68B83}.Debug|Any CPU.Build.0 = Debug|Any CPU
		{EEFE2110-EF96-6403-F529-7E9571A68B83}.Release|Any CPU.ActiveCfg = Release|Any CPU
		{EEFE2110-EF96-6403-F529-7E9571A68B83}.Release|Any CPU.Build.0 = Release|Any CPU
		{F07EE335-7CC5-DF6C-1CE7-4BA031430FB5}.Debug|Any CPU.ActiveCfg = Debug|Any CPU
		{F07EE335-7CC5-DF6C-1CE7-4BA031430FB5}.Debug|Any CPU.Build.0 = Debug|Any CPU
		{F07EE335-7CC5-DF6C-1CE7-4BA031430FB5}.Release|Any CPU.ActiveCfg = Release|Any CPU
		{F07EE335-7CC5-DF6C-1CE7-4BA031430FB5}.Release|Any CPU.Build.0 = Release|Any CPU
		{705C7769-3369-7EB0-15AE-E18FE8BDE30E}.Debug|Any CPU.ActiveCfg = Debug|Any CPU
		{705C7769-3369-7EB0-15AE-E18FE8BDE30E}.Debug|Any CPU.Build.0 = Debug|Any CPU
		{705C7769-3369-7EB0-15AE-E18FE8BDE30E}.Release|Any CPU.ActiveCfg = Release|Any CPU
		{705C7769-3369-7EB0-15AE-E18FE8BDE30E}.Release|Any CPU.Build.0 = Release|Any CPU
		{7EFF525A-16A7-DAC4-5515-56E9CA568B1B}.Debug|Any CPU.ActiveCfg = Debug|Any CPU
		{7EFF525A-16A7-DAC4-5515-56E9CA568B1B}.Debug|Any CPU.Build.0 = Debug|Any CPU
		{7EFF525A-16A7-DAC4-5515-56E9CA568B1B}.Release|Any CPU.ActiveCfg = Release|Any CPU
		{7EFF525A-16A7-DAC4-5515-56E9CA568B1B}.Release|Any CPU.Build.0 = Release|Any CPU
		{E7DC1940-EBBD-2A3A-12E4-4E831F7AD73B}.Debug|Any CPU.ActiveCfg = Debug|Any CPU
		{E7DC1940-EBBD-2A3A-12E4-4E831F7AD73B}.Debug|Any CPU.Build.0 = Debug|Any CPU
		{E7DC1940-EBBD-2A3A-12E4-4E831F7AD73B}.Release|Any CPU.ActiveCfg = Release|Any CPU
		{E7DC1940-EBBD-2A3A-12E4-4E831F7AD73B}.Release|Any CPU.Build.0 = Release|Any CPU
		{E1825BBA-2D6F-4F35-45BF-4F7C0EB83639}.Debug|Any CPU.ActiveCfg = Debug|Any CPU
		{E1825BBA-2D6F-4F35-45BF-4F7C0EB83639}.Debug|Any CPU.Build.0 = Debug|Any CPU
		{E1825BBA-2D6F-4F35-45BF-4F7C0EB83639}.Release|Any CPU.ActiveCfg = Release|Any CPU
		{E1825BBA-2D6F-4F35-45BF-4F7C0EB83639}.Release|Any CPU.Build.0 = Release|Any CPU
		{60D3AE53-72F7-2539-44F6-4EA2287CC598}.Debug|Any CPU.ActiveCfg = Debug|Any CPU
		{60D3AE53-72F7-2539-44F6-4EA2287CC598}.Debug|Any CPU.Build.0 = Debug|Any CPU
		{60D3AE53-72F7-2539-44F6-4EA2287CC598}.Release|Any CPU.ActiveCfg = Release|Any CPU
		{60D3AE53-72F7-2539-44F6-4EA2287CC598}.Release|Any CPU.Build.0 = Release|Any CPU
		{32F97E8E-2A11-2ADA-B8A4-4C528EC38171}.Debug|Any CPU.ActiveCfg = Debug|Any CPU
		{32F97E8E-2A11-2ADA-B8A4-4C528EC38171}.Debug|Any CPU.Build.0 = Debug|Any CPU
		{32F97E8E-2A11-2ADA-B8A4-4C528EC38171}.Release|Any CPU.ActiveCfg = Release|Any CPU
		{32F97E8E-2A11-2ADA-B8A4-4C528EC38171}.Release|Any CPU.Build.0 = Release|Any CPU
		{0644E4DB-02A3-3169-EE32-6FDB5D6B4581}.Debug|Any CPU.ActiveCfg = Debug|Any CPU
		{0644E4DB-02A3-3169-EE32-6FDB5D6B4581}.Debug|Any CPU.Build.0 = Debug|Any CPU
		{0644E4DB-02A3-3169-EE32-6FDB5D6B4581}.Release|Any CPU.ActiveCfg = Release|Any CPU
		{0644E4DB-02A3-3169-EE32-6FDB5D6B4581}.Release|Any CPU.Build.0 = Release|Any CPU
		{4E36EEFE-F4B8-96FF-D029-E84C7B88EA90}.Debug|Any CPU.ActiveCfg = Debug|Any CPU
		{4E36EEFE-F4B8-96FF-D029-E84C7B88EA90}.Debug|Any CPU.Build.0 = Debug|Any CPU
		{4E36EEFE-F4B8-96FF-D029-E84C7B88EA90}.Release|Any CPU.ActiveCfg = Release|Any CPU
		{4E36EEFE-F4B8-96FF-D029-E84C7B88EA90}.Release|Any CPU.Build.0 = Release|Any CPU
		{21AA89C8-0C7B-9AD4-A454-F221EAE8E1E8}.Debug|Any CPU.ActiveCfg = Debug|Any CPU
		{21AA89C8-0C7B-9AD4-A454-F221EAE8E1E8}.Debug|Any CPU.Build.0 = Debug|Any CPU
		{21AA89C8-0C7B-9AD4-A454-F221EAE8E1E8}.Release|Any CPU.ActiveCfg = Release|Any CPU
		{21AA89C8-0C7B-9AD4-A454-F221EAE8E1E8}.Release|Any CPU.Build.0 = Release|Any CPU
		{43469B7A-78D8-0C5D-94FB-B8884597F11F}.Debug|Any CPU.ActiveCfg = Debug|Any CPU
		{43469B7A-78D8-0C5D-94FB-B8884597F11F}.Debug|Any CPU.Build.0 = Debug|Any CPU
		{43469B7A-78D8-0C5D-94FB-B8884597F11F}.Release|Any CPU.ActiveCfg = Release|Any CPU
		{43469B7A-78D8-0C5D-94FB-B8884597F11F}.Release|Any CPU.Build.0 = Release|Any CPU
		{D8365B9F-5AF9-934A-6092-D6D4ED5C3638}.Debug|Any CPU.ActiveCfg = Debug|Any CPU
		{D8365B9F-5AF9-934A-6092-D6D4ED5C3638}.Debug|Any CPU.Build.0 = Debug|Any CPU
		{D8365B9F-5AF9-934A-6092-D6D4ED5C3638}.Release|Any CPU.ActiveCfg = Release|Any CPU
		{D8365B9F-5AF9-934A-6092-D6D4ED5C3638}.Release|Any CPU.Build.0 = Release|Any CPU
		{D164C3FD-5216-1E3D-797B-A584E7CAC12D}.Debug|Any CPU.ActiveCfg = Debug|Any CPU
		{D164C3FD-5216-1E3D-797B-A584E7CAC12D}.Debug|Any CPU.Build.0 = Debug|Any CPU
		{D164C3FD-5216-1E3D-797B-A584E7CAC12D}.Release|Any CPU.ActiveCfg = Release|Any CPU
		{D164C3FD-5216-1E3D-797B-A584E7CAC12D}.Release|Any CPU.Build.0 = Release|Any CPU
		{6D57B718-9662-A506-AED3-D5CCC9BEA9B0}.Debug|Any CPU.ActiveCfg = Debug|Any CPU
		{6D57B718-9662-A506-AED3-D5CCC9BEA9B0}.Debug|Any CPU.Build.0 = Debug|Any CPU
		{6D57B718-9662-A506-AED3-D5CCC9BEA9B0}.Release|Any CPU.ActiveCfg = Release|Any CPU
		{6D57B718-9662-A506-AED3-D5CCC9BEA9B0}.Release|Any CPU.Build.0 = Release|Any CPU
		{1311DCE2-4F4A-8910-0344-78956B632092}.Debug|Any CPU.ActiveCfg = Debug|Any CPU
		{1311DCE2-4F4A-8910-0344-78956B632092}.Debug|Any CPU.Build.0 = Debug|Any CPU
		{1311DCE2-4F4A-8910-0344-78956B632092}.Release|Any CPU.ActiveCfg = Release|Any CPU
		{1311DCE2-4F4A-8910-0344-78956B632092}.Release|Any CPU.Build.0 = Release|Any CPU
		{078035DE-A5CF-06FC-E930-3459E568BA78}.Debug|Any CPU.ActiveCfg = Debug|Any CPU
		{078035DE-A5CF-06FC-E930-3459E568BA78}.Debug|Any CPU.Build.0 = Debug|Any CPU
		{078035DE-A5CF-06FC-E930-3459E568BA78}.Release|Any CPU.ActiveCfg = Release|Any CPU
		{078035DE-A5CF-06FC-E930-3459E568BA78}.Release|Any CPU.Build.0 = Release|Any CPU
		{7F3881D6-01AD-7F16-F1EA-30313B59E45F}.Debug|Any CPU.ActiveCfg = Debug|Any CPU
		{7F3881D6-01AD-7F16-F1EA-30313B59E45F}.Debug|Any CPU.Build.0 = Debug|Any CPU
		{7F3881D6-01AD-7F16-F1EA-30313B59E45F}.Release|Any CPU.ActiveCfg = Release|Any CPU
		{7F3881D6-01AD-7F16-F1EA-30313B59E45F}.Release|Any CPU.Build.0 = Release|Any CPU
		{0FED2E11-7FA6-E16A-67E7-6FD31CE210A8}.Debug|Any CPU.ActiveCfg = Debug|Any CPU
		{0FED2E11-7FA6-E16A-67E7-6FD31CE210A8}.Debug|Any CPU.Build.0 = Debug|Any CPU
		{0FED2E11-7FA6-E16A-67E7-6FD31CE210A8}.Release|Any CPU.ActiveCfg = Release|Any CPU
		{0FED2E11-7FA6-E16A-67E7-6FD31CE210A8}.Release|Any CPU.Build.0 = Release|Any CPU
		{AB1056CA-0A54-4639-7841-A5C48D0FFAF4}.Debug|Any CPU.ActiveCfg = Debug|Any CPU
		{AB1056CA-0A54-4639-7841-A5C48D0FFAF4}.Debug|Any CPU.Build.0 = Debug|Any CPU
		{AB1056CA-0A54-4639-7841-A5C48D0FFAF4}.Release|Any CPU.ActiveCfg = Release|Any CPU
		{AB1056CA-0A54-4639-7841-A5C48D0FFAF4}.Release|Any CPU.Build.0 = Release|Any CPU
		{01B68324-440B-E69C-3E6D-886FACB22ADD}.Debug|Any CPU.ActiveCfg = Debug|Any CPU
		{01B68324-440B-E69C-3E6D-886FACB22ADD}.Debug|Any CPU.Build.0 = Debug|Any CPU
		{01B68324-440B-E69C-3E6D-886FACB22ADD}.Release|Any CPU.ActiveCfg = Release|Any CPU
		{01B68324-440B-E69C-3E6D-886FACB22ADD}.Release|Any CPU.Build.0 = Release|Any CPU
		{9B2E8AD7-BA60-3222-E5CF-6927FF58D2DB}.Debug|Any CPU.ActiveCfg = Debug|Any CPU
		{9B2E8AD7-BA60-3222-E5CF-6927FF58D2DB}.Debug|Any CPU.Build.0 = Debug|Any CPU
		{9B2E8AD7-BA60-3222-E5CF-6927FF58D2DB}.Release|Any CPU.ActiveCfg = Release|Any CPU
		{9B2E8AD7-BA60-3222-E5CF-6927FF58D2DB}.Release|Any CPU.Build.0 = Release|Any CPU
		{16D09AE7-3702-AAC3-5190-E3D79F7ED0CE}.Debug|Any CPU.ActiveCfg = Debug|Any CPU
		{16D09AE7-3702-AAC3-5190-E3D79F7ED0CE}.Debug|Any CPU.Build.0 = Debug|Any CPU
		{16D09AE7-3702-AAC3-5190-E3D79F7ED0CE}.Release|Any CPU.ActiveCfg = Release|Any CPU
		{16D09AE7-3702-AAC3-5190-E3D79F7ED0CE}.Release|Any CPU.Build.0 = Release|Any CPU
		{D88E5D38-14A5-079A-1928-22052462A69E}.Debug|Any CPU.ActiveCfg = Debug|Any CPU
		{D88E5D38-14A5-079A-1928-22052462A69E}.Debug|Any CPU.Build.0 = Debug|Any CPU
		{D88E5D38-14A5-079A-1928-22052462A69E}.Release|Any CPU.ActiveCfg = Release|Any CPU
		{D88E5D38-14A5-079A-1928-22052462A69E}.Release|Any CPU.Build.0 = Release|Any CPU
		{59C9452E-21E6-6606-833E-2E6C7AF2DDE4}.Debug|Any CPU.ActiveCfg = Debug|Any CPU
		{59C9452E-21E6-6606-833E-2E6C7AF2DDE4}.Debug|Any CPU.Build.0 = Debug|Any CPU
		{59C9452E-21E6-6606-833E-2E6C7AF2DDE4}.Release|Any CPU.ActiveCfg = Release|Any CPU
		{59C9452E-21E6-6606-833E-2E6C7AF2DDE4}.Release|Any CPU.Build.0 = Release|Any CPU
		{5FB65D2B-ADCA-D134-CD92-9767F3A60ACC}.Debug|Any CPU.ActiveCfg = Debug|Any CPU
		{5FB65D2B-ADCA-D134-CD92-9767F3A60ACC}.Debug|Any CPU.Build.0 = Debug|Any CPU
		{5FB65D2B-ADCA-D134-CD92-9767F3A60ACC}.Release|Any CPU.ActiveCfg = Release|Any CPU
		{5FB65D2B-ADCA-D134-CD92-9767F3A60ACC}.Release|Any CPU.Build.0 = Release|Any CPU
		{F127140E-C8F1-806E-7CC9-78C91CD29C34}.Debug|Any CPU.ActiveCfg = Debug|Any CPU
		{F127140E-C8F1-806E-7CC9-78C91CD29C34}.Debug|Any CPU.Build.0 = Debug|Any CPU
		{F127140E-C8F1-806E-7CC9-78C91CD29C34}.Release|Any CPU.ActiveCfg = Release|Any CPU
		{F127140E-C8F1-806E-7CC9-78C91CD29C34}.Release|Any CPU.Build.0 = Release|Any CPU
		{2FFC9512-3262-7223-9535-8BA5ED218CE6}.Debug|Any CPU.ActiveCfg = Debug|Any CPU
		{2FFC9512-3262-7223-9535-8BA5ED218CE6}.Debug|Any CPU.Build.0 = Debug|Any CPU
		{2FFC9512-3262-7223-9535-8BA5ED218CE6}.Release|Any CPU.ActiveCfg = Release|Any CPU
		{2FFC9512-3262-7223-9535-8BA5ED218CE6}.Release|Any CPU.Build.0 = Release|Any CPU
		{4AD4EF6A-BD84-909D-39A1-62696A9ACC99}.Debug|Any CPU.ActiveCfg = Debug|Any CPU
		{4AD4EF6A-BD84-909D-39A1-62696A9ACC99}.Debug|Any CPU.Build.0 = Debug|Any CPU
		{4AD4EF6A-BD84-909D-39A1-62696A9ACC99}.Release|Any CPU.ActiveCfg = Release|Any CPU
		{4AD4EF6A-BD84-909D-39A1-62696A9ACC99}.Release|Any CPU.Build.0 = Release|Any CPU
		{B6EFEB3C-B5E0-CE1A-57BD-4A3F6020A113}.Debug|Any CPU.ActiveCfg = Debug|Any CPU
		{B6EFEB3C-B5E0-CE1A-57BD-4A3F6020A113}.Debug|Any CPU.Build.0 = Debug|Any CPU
		{B6EFEB3C-B5E0-CE1A-57BD-4A3F6020A113}.Release|Any CPU.ActiveCfg = Release|Any CPU
		{B6EFEB3C-B5E0-CE1A-57BD-4A3F6020A113}.Release|Any CPU.Build.0 = Release|Any CPU
		{46BA12CC-815B-F87A-6C58-DCE45699909A}.Debug|Any CPU.ActiveCfg = Debug|Any CPU
		{46BA12CC-815B-F87A-6C58-DCE45699909A}.Debug|Any CPU.Build.0 = Debug|Any CPU
		{46BA12CC-815B-F87A-6C58-DCE45699909A}.Release|Any CPU.ActiveCfg = Release|Any CPU
		{46BA12CC-815B-F87A-6C58-DCE45699909A}.Release|Any CPU.Build.0 = Release|Any CPU
		{6CDF1346-B2C6-971D-AB9D-D78EC4FC36A9}.Debug|Any CPU.ActiveCfg = Debug|Any CPU
		{6CDF1346-B2C6-971D-AB9D-D78EC4FC36A9}.Debug|Any CPU.Build.0 = Debug|Any CPU
		{6CDF1346-B2C6-971D-AB9D-D78EC4FC36A9}.Release|Any CPU.ActiveCfg = Release|Any CPU
		{6CDF1346-B2C6-971D-AB9D-D78EC4FC36A9}.Release|Any CPU.Build.0 = Release|Any CPU
		{B615271B-4FF7-01E4-F518-CD2AFA091495}.Debug|Any CPU.ActiveCfg = Debug|Any CPU
		{B615271B-4FF7-01E4-F518-CD2AFA091495}.Debug|Any CPU.Build.0 = Debug|Any CPU
		{B615271B-4FF7-01E4-F518-CD2AFA091495}.Release|Any CPU.ActiveCfg = Release|Any CPU
		{B615271B-4FF7-01E4-F518-CD2AFA091495}.Release|Any CPU.Build.0 = Release|Any CPU
		{79AB00A9-59A7-E031-4A2E-E189CD7F14AF}.Debug|Any CPU.ActiveCfg = Debug|Any CPU
		{79AB00A9-59A7-E031-4A2E-E189CD7F14AF}.Debug|Any CPU.Build.0 = Debug|Any CPU
		{79AB00A9-59A7-E031-4A2E-E189CD7F14AF}.Release|Any CPU.ActiveCfg = Release|Any CPU
		{79AB00A9-59A7-E031-4A2E-E189CD7F14AF}.Release|Any CPU.Build.0 = Release|Any CPU
		{6EA63BF3-2C0F-3524-B6F1-88E4588FA96C}.Debug|Any CPU.ActiveCfg = Debug|Any CPU
		{6EA63BF3-2C0F-3524-B6F1-88E4588FA96C}.Debug|Any CPU.Build.0 = Debug|Any CPU
		{6EA63BF3-2C0F-3524-B6F1-88E4588FA96C}.Release|Any CPU.ActiveCfg = Release|Any CPU
		{6EA63BF3-2C0F-3524-B6F1-88E4588FA96C}.Release|Any CPU.Build.0 = Release|Any CPU
		{66701935-89CE-614E-62F6-FC2877B50A74}.Debug|Any CPU.ActiveCfg = Debug|Any CPU
		{66701935-89CE-614E-62F6-FC2877B50A74}.Debug|Any CPU.Build.0 = Debug|Any CPU
		{66701935-89CE-614E-62F6-FC2877B50A74}.Release|Any CPU.ActiveCfg = Release|Any CPU
		{66701935-89CE-614E-62F6-FC2877B50A74}.Release|Any CPU.Build.0 = Release|Any CPU
		{00CB9A43-6238-6B98-3FD3-4AD198843135}.Debug|Any CPU.ActiveCfg = Debug|Any CPU
		{00CB9A43-6238-6B98-3FD3-4AD198843135}.Debug|Any CPU.Build.0 = Debug|Any CPU
		{00CB9A43-6238-6B98-3FD3-4AD198843135}.Release|Any CPU.ActiveCfg = Release|Any CPU
		{00CB9A43-6238-6B98-3FD3-4AD198843135}.Release|Any CPU.Build.0 = Release|Any CPU
		{4EE85ABF-05B8-1D59-5AD5-E854126A53B9}.Debug|Any CPU.ActiveCfg = Debug|Any CPU
		{4EE85ABF-05B8-1D59-5AD5-E854126A53B9}.Debug|Any CPU.Build.0 = Debug|Any CPU
		{4EE85ABF-05B8-1D59-5AD5-E854126A53B9}.Release|Any CPU.ActiveCfg = Release|Any CPU
		{4EE85ABF-05B8-1D59-5AD5-E854126A53B9}.Release|Any CPU.Build.0 = Release|Any CPU
		{F13ECB43-D038-03A1-CFBD-C3E5474C761E}.Debug|Any CPU.ActiveCfg = Debug|Any CPU
		{F13ECB43-D038-03A1-CFBD-C3E5474C761E}.Debug|Any CPU.Build.0 = Debug|Any CPU
		{F13ECB43-D038-03A1-CFBD-C3E5474C761E}.Release|Any CPU.ActiveCfg = Release|Any CPU
		{F13ECB43-D038-03A1-CFBD-C3E5474C761E}.Release|Any CPU.Build.0 = Release|Any CPU
		{9D900355-31BC-2E5D-3E38-5F23D2550ED5}.Debug|Any CPU.ActiveCfg = Debug|Any CPU
		{9D900355-31BC-2E5D-3E38-5F23D2550ED5}.Debug|Any CPU.Build.0 = Debug|Any CPU
		{9D900355-31BC-2E5D-3E38-5F23D2550ED5}.Release|Any CPU.ActiveCfg = Release|Any CPU
		{9D900355-31BC-2E5D-3E38-5F23D2550ED5}.Release|Any CPU.Build.0 = Release|Any CPU
	EndGlobalSection
	GlobalSection(SolutionProperties) = preSolution
		HideSolutionNode = FALSE
	EndGlobalSection
EndGlobal
