
Microsoft Visual Studio Solution File, Format Version 12.00
# Visual Studio 15
Project("{FAE04EC0-301F-11D3-BF4B-00C04F79EFBC}") = "UnityEngine.TestRunner", "UnityEngine.TestRunner.csproj", "{B37E6F19-E046-F390-7A23-4ACD49D2DD41}"
EndProject
Project("{FAE04EC0-301F-11D3-BF4B-00C04F79EFBC}") = "Unity.Mathematics", "Unity.Mathematics.csproj", "{3371DB2A-6C73-6132-9416-9BE1570AA998}"
EndProject
Project("{FAE04EC0-301F-11D3-BF4B-00C04F79EFBC}") = "Unity.2D.Animation.Triangle.Runtime", "Unity.2D.Animation.Triangle.Runtime.csproj", "{AFFC4CA2-865D-734E-1E6B-46014A6345C9}"
EndProject
Project("{FAE04EC0-301F-11D3-BF4B-00C04F79EFBC}") = "Unity.Timeline", "Unity.Timeline.csproj", "{D7E5647B-BB84-4DAD-5A7E-61AF116B3165}"
EndProject
Project("{FAE04EC0-301F-11D3-BF4B-00C04F79EFBC}") = "Unity.ProBuilder", "Unity.ProBuilder.csproj", "{CD898C52-2BD0-2E3A-FF11-765F44AE8001}"
EndProject
Project("{FAE04EC0-301F-11D3-BF4B-00C04F79EFBC}") = "UnityEngine.UI", "UnityEngine.UI.csproj", "{9537C04F-C2F7-AE13-8A0C-CFC733AD79A3}"
EndProject
Project("{FAE04EC0-301F-11D3-BF4B-00C04F79EFBC}") = "Unity.TextMeshPro", "Unity.TextMeshPro.csproj", "{4A7C84F9-780F-5C95-ECE1-C389B10FD280}"
EndProject
Project("{FAE04EC0-301F-11D3-BF4B-00C04F79EFBC}") = "Unity.2D.Animation.Runtime", "Unity.2D.Animation.Runtime.csproj", "{C9917B79-D8E0-7764-F7BD-236C84ACA269}"
EndProject
Project("{FAE04EC0-301F-11D3-BF4B-00C04F79EFBC}") = "Unity.ProBuilder.Poly2Tri", "Unity.ProBuilder.Poly2Tri.csproj", "{571A5E7E-3BCC-9760-4529-B0A7016BE3D3}"
EndProject
Project("{FAE04EC0-301F-11D3-BF4B-00C04F79EFBC}") = "Assembly-CSharp", "Assembly-CSharp.csproj", "{17BB7AF0-A1AD-DCE4-09CE-1D3A3635465B}"
EndProject
Project("{FAE04EC0-301F-11D3-BF4B-00C04F79EFBC}") = "Unity.2D.IK.Runtime", "Unity.2D.IK.Runtime.csproj", "{C5C400DA-4D55-28FB-4E1C-FC718E31D486}"
EndProject
Project("{FAE04EC0-301F-11D3-BF4B-00C04F79EFBC}") = "Unity.2D.SpriteShape.Runtime", "Unity.2D.SpriteShape.Runtime.csproj", "{2BF4ACFE-920F-0A24-2FA3-2CB70B0898B5}"
EndProject
Project("{FAE04EC0-301F-11D3-BF4B-00C04F79EFBC}") = "Unity.ProGrids", "Unity.ProGrids.csproj", "{CE4191FF-035C-1602-9308-0C104A1A2D8F}"
EndProject
Project("{FAE04EC0-301F-11D3-BF4B-00C04F79EFBC}") = "Unity.ProBuilder.Csg", "Unity.ProBuilder.Csg.csproj", "{D153A161-818D-245D-4AFD-E8FEADDDF9FB}"
EndProject
Project("{FAE04EC0-301F-11D3-BF4B-00C04F79EFBC}") = "Unity.2D.PixelPerfect", "Unity.2D.PixelPerfect.csproj", "{5E0616D3-13A5-ED8A-1306-8801D3EFC3EF}"
EndProject
Project("{FAE04EC0-301F-11D3-BF4B-00C04F79EFBC}") = "Unity.ProBuilder.KdTree", "Unity.ProBuilder.KdTree.csproj", "{8BEE7AF6-4E96-1244-15DF-F8EC7127B482}"
EndProject
Project("{FAE04EC0-301F-11D3-BF4B-00C04F79EFBC}") = "Unity.ProBuilder.Stl", "Unity.ProBuilder.Stl.csproj", "{FC83CBF1-380D-E8E8-F3D6-F20A2B106610}"
EndProject
Project("{FAE04EC0-301F-11D3-BF4B-00C04F79EFBC}") = "Unity.2D.Common.Runtime", "Unity.2D.Common.Runtime.csproj", "{644A6FB8-12F0-7DF6-C484-0BE5397BEE14}"
EndProject
Project("{FAE04EC0-301F-11D3-BF4B-00C04F79EFBC}") = "Unity.InternalAPIEngineBridge.001", "Unity.InternalAPIEngineBridge.001.csproj", "{CC334678-79AD-BFE3-77F9-21BFBEDE2694}"
EndProject
Project("{FAE04EC0-301F-11D3-BF4B-00C04F79EFBC}") = "UnityEditor.TestRunner", "UnityEditor.TestRunner.csproj", "{0234B5D1-987D-1087-2296-F54B0FD30D22}"
EndProject
Project("{FAE04EC0-301F-11D3-BF4B-00C04F79EFBC}") = "Unity.ProBuilder.Editor", "Unity.ProBuilder.Editor.csproj", "{8887849B-BF69-5130-AFA1-DA6B73A0DE14}"
EndProject
Project("{FAE04EC0-301F-11D3-BF4B-00C04F79EFBC}") = "Unity.PlasticSCM.Editor", "Unity.PlasticSCM.Editor.csproj", "{7CB6D140-B172-2C59-7DC7-BB67B94038F0}"
EndProject
Project("{FAE04EC0-301F-11D3-BF4B-00C04F79EFBC}") = "UnityEditor.UI", "UnityEditor.UI.csproj", "{0E444499-A760-0E33-B81C-7DF4BA8982F8}"
EndProject
Project("{FAE04EC0-301F-11D3-BF4B-00C04F79EFBC}") = "Unity.Services.Core.Editor", "Unity.Services.Core.Editor.csproj", "{03167F3B-AEDF-4680-8894-B0A3B1756AD8}"
EndProject
Project("{FAE04EC0-301F-11D3-BF4B-00C04F79EFBC}") = "Unity.Timeline.Editor", "Unity.Timeline.Editor.csproj", "{D13007F2-692F-F232-53B9-37851AD4C977}"
EndProject
Project("{FAE04EC0-301F-11D3-BF4B-00C04F79EFBC}") = "Unity.VisualStudio.Editor", "Unity.VisualStudio.Editor.csproj", "{A2887BC4-56AE-1754-3354-288584F579E7}"
EndProject
Project("{FAE04EC0-301F-11D3-BF4B-00C04F79EFBC}") = "Unity.2D.Psdimporter.Editor", "Unity.2D.Psdimporter.Editor.csproj", "{1F1C2A37-6E37-57F5-159A-8128115E2548}"
EndProject
Project("{FAE04EC0-301F-11D3-BF4B-00C04F79EFBC}") = "Unity.2D.Animation.Editor", "Unity.2D.Animation.Editor.csproj", "{BD6CE45E-69B2-E88C-6172-E2E9420862E8}"
EndProject
Project("{FAE04EC0-301F-11D3-BF4B-00C04F79EFBC}") = "Unity.TextMeshPro.Editor", "Unity.TextMeshPro.Editor.csproj", "{4F1901F1-A5B7-4EC7-640B-151E9B060868}"
EndProject
Project("{FAE04EC0-301F-11D3-BF4B-00C04F79EFBC}") = "Unity.2D.SpriteShape.Editor", "Unity.2D.SpriteShape.Editor.csproj", "{43D7C26D-1A49-789A-D81A-29045FF2BC25}"
EndProject
Project("{FAE04EC0-301F-11D3-BF4B-00C04F79EFBC}") = "Unity.CollabProxy.Editor", "Unity.CollabProxy.Editor.csproj", "{83BF6C6D-EFB8-520B-8C91-B223DCAD8B40}"
EndProject
Project("{FAE04EC0-301F-11D3-BF4B-00C04F79EFBC}") = "PsdPlugin", "PsdPlugin.csproj", "{7AD62ED4-C8D9-7FC6-DC9A-9BDCC4E6645E}"
EndProject
Project("{FAE04EC0-301F-11D3-BF4B-00C04F79EFBC}") = "Unity.2D.Path.Editor", "Unity.2D.Path.Editor.csproj", "{2F6BC493-6787-92EB-ADBE-78E4886321E8}"
EndProject
Project("{FAE04EC0-301F-11D3-BF4B-00C04F79EFBC}") = "Unity.Rider.Editor", "Unity.Rider.Editor.csproj", "{0933DED3-6FA4-3DFD-EEC4-86BDE0271345}"
EndProject
Project("{FAE04EC0-301F-11D3-BF4B-00C04F79EFBC}") = "Unity.ProGrids.Editor", "Unity.ProGrids.Editor.csproj", "{666FD1F9-64AA-245C-9618-0F7F3A1F43D4}"
EndProject
Project("{FAE04EC0-301F-11D3-BF4B-00C04F79EFBC}") = "Unity.2D.IK.Editor", "Unity.2D.IK.Editor.csproj", "{E9427C65-DC7D-4EE4-E931-775E9D81C5C6}"
EndProject
Project("{FAE04EC0-301F-11D3-BF4B-00C04F79EFBC}") = "Unity.2D.Sprite.Editor", "Unity.2D.Sprite.Editor.csproj", "{83828062-63C5-632A-BAFA-1F4842EC120B}"
EndProject
Project("{FAE04EC0-301F-11D3-BF4B-00C04F79EFBC}") = "Unity.2D.Tilemap.Editor", "Unity.2D.Tilemap.Editor.csproj", "{66B2481E-3838-DC94-9FD1-98C7C0664D02}"
EndProject
Project("{FAE04EC0-301F-11D3-BF4B-00C04F79EFBC}") = "Unity.2D.PixelPerfect.Editor", "Unity.2D.PixelPerfect.Editor.csproj", "{6E0D5E03-B54C-590F-C607-01514F6135A3}"
EndProject
Project("{FAE04EC0-301F-11D3-BF4B-00C04F79EFBC}") = "Unity.VSCode.Editor", "Unity.VSCode.Editor.csproj", "{DC6D6A8D-1553-63A7-8724-12413CF9034A}"
EndProject
Project("{FAE04EC0-301F-11D3-BF4B-00C04F79EFBC}") = "Unity.ProBuilder.AssetIdRemapUtility", "Unity.ProBuilder.AssetIdRemapUtility.csproj", "{CF302F0F-32DD-829D-B34B-D2E5EB008B21}"
EndProject
Project("{FAE04EC0-301F-11D3-BF4B-00C04F79EFBC}") = "Unity.Settings.Editor", "Unity.Settings.Editor.csproj", "{72D73972-165D-D5E9-488A-E943E8128596}"
EndProject
Project("{FAE04EC0-301F-11D3-BF4B-00C04F79EFBC}") = "Unity.2D.Common.Editor", "Unity.2D.Common.Editor.csproj", "{4DD65E2D-305D-CFE7-902F-57B3741E20AB}"
EndProject
Project("{FAE04EC0-301F-11D3-BF4B-00C04F79EFBC}") = "Unity.Mathematics.Editor", "Unity.Mathematics.Editor.csproj", "{74A106DA-292A-C41E-B36C-FC016E081CAF}"
EndProject
Project("{FAE04EC0-301F-11D3-BF4B-00C04F79EFBC}") = "Assembly-CSharp-Editor", "Assembly-CSharp-Editor.csproj", "{5B0839AC-493A-789D-F07F-9FFD49BD7BE2}"
EndProject
Project("{FAE04EC0-301F-11D3-BF4B-00C04F79EFBC}") = "Unity.ProBuilder.AddOns.Editor", "Unity.ProBuilder.AddOns.Editor.csproj", "{E59C393E-EB2D-AB32-5F96-8FDE5F40AA05}"
EndProject
Project("{FAE04EC0-301F-11D3-BF4B-00C04F79EFBC}") = "Unity.InternalAPIEditorBridge.001", "Unity.InternalAPIEditorBridge.001.csproj", "{9242C2BF-C76B-3F40-A2FA-7E98D66C76E6}"
EndProject
Project("{FAE04EC0-301F-11D3-BF4B-00C04F79EFBC}") = "UnityEngine.TestRunner", "UnityEngine.TestRunner.Player.csproj", "{404BA6DB-1447-479C-15BD-BEDB91A7CC3F}"
EndProject
Project("{FAE04EC0-301F-11D3-BF4B-00C04F79EFBC}") = "Unity.Mathematics", "Unity.Mathematics.Player.csproj", "{5AF3B92A-595B-CF50-57CB-8E4A0922103F}"
EndProject
Project("{FAE04EC0-301F-11D3-BF4B-00C04F79EFBC}") = "Unity.2D.Animation.Triangle.Runtime", "Unity.2D.Animation.Triangle.Runtime.Player.csproj", "{FD175EDA-6C21-5A93-6895-386656CE24B9}"
EndProject
Project("{FAE04EC0-301F-11D3-BF4B-00C04F79EFBC}") = "Unity.Timeline", "Unity.Timeline.Player.csproj", "{F6C6F53F-2296-0094-5DDB-C55B644C7248}"
EndProject
Project("{FAE04EC0-301F-11D3-BF4B-00C04F79EFBC}") = "Unity.ProBuilder", "Unity.ProBuilder.Player.csproj", "{3363E456-582D-CBA0-5EDA-F29F47187CF6}"
EndProject
Project("{FAE04EC0-301F-11D3-BF4B-00C04F79EFBC}") = "UnityEngine.UI", "UnityEngine.UI.Player.csproj", "{34356908-0515-A0C7-8499-F8E3DFDA3EFE}"
EndProject
Project("{FAE04EC0-301F-11D3-BF4B-00C04F79EFBC}") = "Unity.TextMeshPro", "Unity.TextMeshPro.Player.csproj", "{7706AE64-9B00-8F46-3558-2CDA9F26BEBC}"
EndProject
Project("{FAE04EC0-301F-11D3-BF4B-00C04F79EFBC}") = "Unity.2D.Animation.Runtime", "Unity.2D.Animation.Runtime.Player.csproj", "{3ADF65B8-1F54-139C-41B6-83BBC763B2B5}"
EndProject
Project("{FAE04EC0-301F-11D3-BF4B-00C04F79EFBC}") = "Unity.ProBuilder.Poly2Tri", "Unity.ProBuilder.Poly2Tri.Player.csproj", "{2632963E-B9BD-6D1D-2DB2-44034C222119}"
EndProject
Project("{FAE04EC0-301F-11D3-BF4B-00C04F79EFBC}") = "Assembly-CSharp", "Assembly-CSharp.Player.csproj", "{48171378-D1C0-D88D-060D-F2368C6EE702}"
EndProject
Project("{FAE04EC0-301F-11D3-BF4B-00C04F79EFBC}") = "Unity.2D.IK.Runtime", "Unity.2D.IK.Runtime.Player.csproj", "{7C35A470-5619-E1BA-150B-DB1E2F1C8017}"
EndProject
Project("{FAE04EC0-301F-11D3-BF4B-00C04F79EFBC}") = "Unity.2D.SpriteShape.Runtime", "Unity.2D.SpriteShape.Runtime.Player.csproj", "{F1C0EEEE-6316-9517-11F2-90898225F597}"
EndProject
Project("{FAE04EC0-301F-11D3-BF4B-00C04F79EFBC}") = "Unity.ProGrids", "Unity.ProGrids.Player.csproj", "{D4A4656D-AF59-E3EE-8C9E-84A03A601FE8}"
EndProject
Project("{FAE04EC0-301F-11D3-BF4B-00C04F79EFBC}") = "Unity.ProBuilder.Csg", "Unity.ProBuilder.Csg.Player.csproj", "{FA57F7A8-E353-B886-B266-3A6650B26E38}"
EndProject
Project("{FAE04EC0-301F-11D3-BF4B-00C04F79EFBC}") = "Unity.2D.PixelPerfect", "Unity.2D.PixelPerfect.Player.csproj", "{E19EF9C1-328E-7207-701C-5DA1AD02798D}"
EndProject
Project("{FAE04EC0-301F-11D3-BF4B-00C04F79EFBC}") = "Unity.ProBuilder.KdTree", "Unity.ProBuilder.KdTree.Player.csproj", "{F60EE868-647D-8E72-99E0-1D0864241B09}"
EndProject
Project("{FAE04EC0-301F-11D3-BF4B-00C04F79EFBC}") = "Unity.ProBuilder.Stl", "Unity.ProBuilder.Stl.Player.csproj", "{5D1ED731-4CE4-FBCE-6CFC-858380E623D8}"
EndProject
Project("{FAE04EC0-301F-11D3-BF4B-00C04F79EFBC}") = "Unity.2D.Common.Runtime", "Unity.2D.Common.Runtime.Player.csproj", "{B87A6B48-AA63-1BA8-35F0-E494E19E7820}"
EndProject
Project("{FAE04EC0-301F-11D3-BF4B-00C04F79EFBC}") = "Unity.InternalAPIEngineBridge.001", "Unity.InternalAPIEngineBridge.001.Player.csproj", "{B2328234-6AB2-69EE-CED1-FE1B6C20C254}"
EndProject
Global
	GlobalSection(SolutionConfigurationPlatforms) = preSolution
		Debug|Any CPU = Debug|Any CPU
		Release|Any CPU = Release|Any CPU
	EndGlobalSection
	GlobalSection(ProjectConfigurationPlatforms) = postSolution
		{B37E6F19-E046-F390-7A23-4ACD49D2DD41}.Debug|Any CPU.ActiveCfg = Debug|Any CPU
		{B37E6F19-E046-F390-7A23-4ACD49D2DD41}.Debug|Any CPU.Build.0 = Debug|Any CPU
		{B37E6F19-E046-F390-7A23-4ACD49D2DD41}.Release|Any CPU.ActiveCfg = Release|Any CPU
		{B37E6F19-E046-F390-7A23-4ACD49D2DD41}.Release|Any CPU.Build.0 = Release|Any CPU
		{3371DB2A-6C73-6132-9416-9BE1570AA998}.Debug|Any CPU.ActiveCfg = Debug|Any CPU
		{3371DB2A-6C73-6132-9416-9BE1570AA998}.Debug|Any CPU.Build.0 = Debug|Any CPU
		{3371DB2A-6C73-6132-9416-9BE1570AA998}.Release|Any CPU.ActiveCfg = Release|Any CPU
		{3371DB2A-6C73-6132-9416-9BE1570AA998}.Release|Any CPU.Build.0 = Release|Any CPU
		{AFFC4CA2-865D-734E-1E6B-46014A6345C9}.Debug|Any CPU.ActiveCfg = Debug|Any CPU
		{AFFC4CA2-865D-734E-1E6B-46014A6345C9}.Debug|Any CPU.Build.0 = Debug|Any CPU
		{AFFC4CA2-865D-734E-1E6B-46014A6345C9}.Release|Any CPU.ActiveCfg = Release|Any CPU
		{AFFC4CA2-865D-734E-1E6B-46014A6345C9}.Release|Any CPU.Build.0 = Release|Any CPU
		{D7E5647B-BB84-4DAD-5A7E-61AF116B3165}.Debug|Any CPU.ActiveCfg = Debug|Any CPU
		{D7E5647B-BB84-4DAD-5A7E-61AF116B3165}.Debug|Any CPU.Build.0 = Debug|Any CPU
		{D7E5647B-BB84-4DAD-5A7E-61AF116B3165}.Release|Any CPU.ActiveCfg = Release|Any CPU
		{D7E5647B-BB84-4DAD-5A7E-61AF116B3165}.Release|Any CPU.Build.0 = Release|Any CPU
		{CD898C52-2BD0-2E3A-FF11-765F44AE8001}.Debug|Any CPU.ActiveCfg = Debug|Any CPU
		{CD898C52-2BD0-2E3A-FF11-765F44AE8001}.Debug|Any CPU.Build.0 = Debug|Any CPU
		{CD898C52-2BD0-2E3A-FF11-765F44AE8001}.Release|Any CPU.ActiveCfg = Release|Any CPU
		{CD898C52-2BD0-2E3A-FF11-765F44AE8001}.Release|Any CPU.Build.0 = Release|Any CPU
		{9537C04F-C2F7-AE13-8A0C-CFC733AD79A3}.Debug|Any CPU.ActiveCfg = Debug|Any CPU
		{9537C04F-C2F7-AE13-8A0C-CFC733AD79A3}.Debug|Any CPU.Build.0 = Debug|Any CPU
		{9537C04F-C2F7-AE13-8A0C-CFC733AD79A3}.Release|Any CPU.ActiveCfg = Release|Any CPU
		{9537C04F-C2F7-AE13-8A0C-CFC733AD79A3}.Release|Any CPU.Build.0 = Release|Any CPU
		{4A7C84F9-780F-5C95-ECE1-C389B10FD280}.Debug|Any CPU.ActiveCfg = Debug|Any CPU
		{4A7C84F9-780F-5C95-ECE1-C389B10FD280}.Debug|Any CPU.Build.0 = Debug|Any CPU
		{4A7C84F9-780F-5C95-ECE1-C389B10FD280}.Release|Any CPU.ActiveCfg = Release|Any CPU
		{4A7C84F9-780F-5C95-ECE1-C389B10FD280}.Release|Any CPU.Build.0 = Release|Any CPU
		{C9917B79-D8E0-7764-F7BD-236C84ACA269}.Debug|Any CPU.ActiveCfg = Debug|Any CPU
		{C9917B79-D8E0-7764-F7BD-236C84ACA269}.Debug|Any CPU.Build.0 = Debug|Any CPU
		{C9917B79-D8E0-7764-F7BD-236C84ACA269}.Release|Any CPU.ActiveCfg = Release|Any CPU
		{C9917B79-D8E0-7764-F7BD-236C84ACA269}.Release|Any CPU.Build.0 = Release|Any CPU
		{571A5E7E-3BCC-9760-4529-B0A7016BE3D3}.Debug|Any CPU.ActiveCfg = Debug|Any CPU
		{571A5E7E-3BCC-9760-4529-B0A7016BE3D3}.Debug|Any CPU.Build.0 = Debug|Any CPU
		{571A5E7E-3BCC-9760-4529-B0A7016BE3D3}.Release|Any CPU.ActiveCfg = Release|Any CPU
		{571A5E7E-3BCC-9760-4529-B0A7016BE3D3}.Release|Any CPU.Build.0 = Release|Any CPU
		{17BB7AF0-A1AD-DCE4-09CE-1D3A3635465B}.Debug|Any CPU.ActiveCfg = Debug|Any CPU
		{17BB7AF0-A1AD-DCE4-09CE-1D3A3635465B}.Debug|Any CPU.Build.0 = Debug|Any CPU
		{17BB7AF0-A1AD-DCE4-09CE-1D3A3635465B}.Release|Any CPU.ActiveCfg = Release|Any CPU
		{17BB7AF0-A1AD-DCE4-09CE-1D3A3635465B}.Release|Any CPU.Build.0 = Release|Any CPU
		{C5C400DA-4D55-28FB-4E1C-FC718E31D486}.Debug|Any CPU.ActiveCfg = Debug|Any CPU
		{C5C400DA-4D55-28FB-4E1C-FC718E31D486}.Debug|Any CPU.Build.0 = Debug|Any CPU
		{C5C400DA-4D55-28FB-4E1C-FC718E31D486}.Release|Any CPU.ActiveCfg = Release|Any CPU
		{C5C400DA-4D55-28FB-4E1C-FC718E31D486}.Release|Any CPU.Build.0 = Release|Any CPU
		{2BF4ACFE-920F-0A24-2FA3-2CB70B0898B5}.Debug|Any CPU.ActiveCfg = Debug|Any CPU
		{2BF4ACFE-920F-0A24-2FA3-2CB70B0898B5}.Debug|Any CPU.Build.0 = Debug|Any CPU
		{2BF4ACFE-920F-0A24-2FA3-2CB70B0898B5}.Release|Any CPU.ActiveCfg = Release|Any CPU
		{2BF4ACFE-920F-0A24-2FA3-2CB70B0898B5}.Release|Any CPU.Build.0 = Release|Any CPU
		{CE4191FF-035C-1602-9308-0C104A1A2D8F}.Debug|Any CPU.ActiveCfg = Debug|Any CPU
		{CE4191FF-035C-1602-9308-0C104A1A2D8F}.Debug|Any CPU.Build.0 = Debug|Any CPU
		{CE4191FF-035C-1602-9308-0C104A1A2D8F}.Release|Any CPU.ActiveCfg = Release|Any CPU
		{CE4191FF-035C-1602-9308-0C104A1A2D8F}.Release|Any CPU.Build.0 = Release|Any CPU
		{D153A161-818D-245D-4AFD-E8FEADDDF9FB}.Debug|Any CPU.ActiveCfg = Debug|Any CPU
		{D153A161-818D-245D-4AFD-E8FEADDDF9FB}.Debug|Any CPU.Build.0 = Debug|Any CPU
		{D153A161-818D-245D-4AFD-E8FEADDDF9FB}.Release|Any CPU.ActiveCfg = Release|Any CPU
		{D153A161-818D-245D-4AFD-E8FEADDDF9FB}.Release|Any CPU.Build.0 = Release|Any CPU
		{5E0616D3-13A5-ED8A-1306-8801D3EFC3EF}.Debug|Any CPU.ActiveCfg = Debug|Any CPU
		{5E0616D3-13A5-ED8A-1306-8801D3EFC3EF}.Debug|Any CPU.Build.0 = Debug|Any CPU
		{5E0616D3-13A5-ED8A-1306-8801D3EFC3EF}.Release|Any CPU.ActiveCfg = Release|Any CPU
		{5E0616D3-13A5-ED8A-1306-8801D3EFC3EF}.Release|Any CPU.Build.0 = Release|Any CPU
		{8BEE7AF6-4E96-1244-15DF-F8EC7127B482}.Debug|Any CPU.ActiveCfg = Debug|Any CPU
		{8BEE7AF6-4E96-1244-15DF-F8EC7127B482}.Debug|Any CPU.Build.0 = Debug|Any CPU
		{8BEE7AF6-4E96-1244-15DF-F8EC7127B482}.Release|Any CPU.ActiveCfg = Release|Any CPU
		{8BEE7AF6-4E96-1244-15DF-F8EC7127B482}.Release|Any CPU.Build.0 = Release|Any CPU
		{FC83CBF1-380D-E8E8-F3D6-F20A2B106610}.Debug|Any CPU.ActiveCfg = Debug|Any CPU
		{FC83CBF1-380D-E8E8-F3D6-F20A2B106610}.Debug|Any CPU.Build.0 = Debug|Any CPU
		{FC83CBF1-380D-E8E8-F3D6-F20A2B106610}.Release|Any CPU.ActiveCfg = Release|Any CPU
		{FC83CBF1-380D-E8E8-F3D6-F20A2B106610}.Release|Any CPU.Build.0 = Release|Any CPU
		{644A6FB8-12F0-7DF6-C484-0BE5397BEE14}.Debug|Any CPU.ActiveCfg = Debug|Any CPU
		{644A6FB8-12F0-7DF6-C484-0BE5397BEE14}.Debug|Any CPU.Build.0 = Debug|Any CPU
		{644A6FB8-12F0-7DF6-C484-0BE5397BEE14}.Release|Any CPU.ActiveCfg = Release|Any CPU
		{644A6FB8-12F0-7DF6-C484-0BE5397BEE14}.Release|Any CPU.Build.0 = Release|Any CPU
		{CC334678-79AD-BFE3-77F9-21BFBEDE2694}.Debug|Any CPU.ActiveCfg = Debug|Any CPU
		{CC334678-79AD-BFE3-77F9-21BFBEDE2694}.Debug|Any CPU.Build.0 = Debug|Any CPU
		{CC334678-79AD-BFE3-77F9-21BFBEDE2694}.Release|Any CPU.ActiveCfg = Release|Any CPU
		{CC334678-79AD-BFE3-77F9-21BFBEDE2694}.Release|Any CPU.Build.0 = Release|Any CPU
		{0234B5D1-987D-1087-2296-F54B0FD30D22}.Debug|Any CPU.ActiveCfg = Debug|Any CPU
		{0234B5D1-987D-1087-2296-F54B0FD30D22}.Debug|Any CPU.Build.0 = Debug|Any CPU
		{0234B5D1-987D-1087-2296-F54B0FD30D22}.Release|Any CPU.ActiveCfg = Release|Any CPU
		{0234B5D1-987D-1087-2296-F54B0FD30D22}.Release|Any CPU.Build.0 = Release|Any CPU
		{8887849B-BF69-5130-AFA1-DA6B73A0DE14}.Debug|Any CPU.ActiveCfg = Debug|Any CPU
		{8887849B-BF69-5130-AFA1-DA6B73A0DE14}.Debug|Any CPU.Build.0 = Debug|Any CPU
		{8887849B-BF69-5130-AFA1-DA6B73A0DE14}.Release|Any CPU.ActiveCfg = Release|Any CPU
		{8887849B-BF69-5130-AFA1-DA6B73A0DE14}.Release|Any CPU.Build.0 = Release|Any CPU
		{7CB6D140-B172-2C59-7DC7-BB67B94038F0}.Debug|Any CPU.ActiveCfg = Debug|Any CPU
		{7CB6D140-B172-2C59-7DC7-BB67B94038F0}.Debug|Any CPU.Build.0 = Debug|Any CPU
		{7CB6D140-B172-2C59-7DC7-BB67B94038F0}.Release|Any CPU.ActiveCfg = Release|Any CPU
		{7CB6D140-B172-2C59-7DC7-BB67B94038F0}.Release|Any CPU.Build.0 = Release|Any CPU
		{0E444499-A760-0E33-B81C-7DF4BA8982F8}.Debug|Any CPU.ActiveCfg = Debug|Any CPU
		{0E444499-A760-0E33-B81C-7DF4BA8982F8}.Debug|Any CPU.Build.0 = Debug|Any CPU
		{0E444499-A760-0E33-B81C-7DF4BA8982F8}.Release|Any CPU.ActiveCfg = Release|Any CPU
		{0E444499-A760-0E33-B81C-7DF4BA8982F8}.Release|Any CPU.Build.0 = Release|Any CPU
		{03167F3B-AEDF-4680-8894-B0A3B1756AD8}.Debug|Any CPU.ActiveCfg = Debug|Any CPU
		{03167F3B-AEDF-4680-8894-B0A3B1756AD8}.Debug|Any CPU.Build.0 = Debug|Any CPU
		{03167F3B-AEDF-4680-8894-B0A3B1756AD8}.Release|Any CPU.ActiveCfg = Release|Any CPU
		{03167F3B-AEDF-4680-8894-B0A3B1756AD8}.Release|Any CPU.Build.0 = Release|Any CPU
		{D13007F2-692F-F232-53B9-37851AD4C977}.Debug|Any CPU.ActiveCfg = Debug|Any CPU
		{D13007F2-692F-F232-53B9-37851AD4C977}.Debug|Any CPU.Build.0 = Debug|Any CPU
		{D13007F2-692F-F232-53B9-37851AD4C977}.Release|Any CPU.ActiveCfg = Release|Any CPU
		{D13007F2-692F-F232-53B9-37851AD4C977}.Release|Any CPU.Build.0 = Release|Any CPU
		{A2887BC4-56AE-1754-3354-288584F579E7}.Debug|Any CPU.ActiveCfg = Debug|Any CPU
		{A2887BC4-56AE-1754-3354-288584F579E7}.Debug|Any CPU.Build.0 = Debug|Any CPU
		{A2887BC4-56AE-1754-3354-288584F579E7}.Release|Any CPU.ActiveCfg = Release|Any CPU
		{A2887BC4-56AE-1754-3354-288584F579E7}.Release|Any CPU.Build.0 = Release|Any CPU
		{1F1C2A37-6E37-57F5-159A-8128115E2548}.Debug|Any CPU.ActiveCfg = Debug|Any CPU
		{1F1C2A37-6E37-57F5-159A-8128115E2548}.Debug|Any CPU.Build.0 = Debug|Any CPU
		{1F1C2A37-6E37-57F5-159A-8128115E2548}.Release|Any CPU.ActiveCfg = Release|Any CPU
		{1F1C2A37-6E37-57F5-159A-8128115E2548}.Release|Any CPU.Build.0 = Release|Any CPU
		{BD6CE45E-69B2-E88C-6172-E2E9420862E8}.Debug|Any CPU.ActiveCfg = Debug|Any CPU
		{BD6CE45E-69B2-E88C-6172-E2E9420862E8}.Debug|Any CPU.Build.0 = Debug|Any CPU
		{BD6CE45E-69B2-E88C-6172-E2E9420862E8}.Release|Any CPU.ActiveCfg = Release|Any CPU
		{BD6CE45E-69B2-E88C-6172-E2E9420862E8}.Release|Any CPU.Build.0 = Release|Any CPU
		{4F1901F1-A5B7-4EC7-640B-151E9B060868}.Debug|Any CPU.ActiveCfg = Debug|Any CPU
		{4F1901F1-A5B7-4EC7-640B-151E9B060868}.Debug|Any CPU.Build.0 = Debug|Any CPU
		{4F1901F1-A5B7-4EC7-640B-151E9B060868}.Release|Any CPU.ActiveCfg = Release|Any CPU
		{4F1901F1-A5B7-4EC7-640B-151E9B060868}.Release|Any CPU.Build.0 = Release|Any CPU
		{43D7C26D-1A49-789A-D81A-29045FF2BC25}.Debug|Any CPU.ActiveCfg = Debug|Any CPU
		{43D7C26D-1A49-789A-D81A-29045FF2BC25}.Debug|Any CPU.Build.0 = Debug|Any CPU
		{43D7C26D-1A49-789A-D81A-29045FF2BC25}.Release|Any CPU.ActiveCfg = Release|Any CPU
		{43D7C26D-1A49-789A-D81A-29045FF2BC25}.Release|Any CPU.Build.0 = Release|Any CPU
		{83BF6C6D-EFB8-520B-8C91-B223DCAD8B40}.Debug|Any CPU.ActiveCfg = Debug|Any CPU
		{83BF6C6D-EFB8-520B-8C91-B223DCAD8B40}.Debug|Any CPU.Build.0 = Debug|Any CPU
		{83BF6C6D-EFB8-520B-8C91-B223DCAD8B40}.Release|Any CPU.ActiveCfg = Release|Any CPU
		{83BF6C6D-EFB8-520B-8C91-B223DCAD8B40}.Release|Any CPU.Build.0 = Release|Any CPU
		{7AD62ED4-C8D9-7FC6-DC9A-9BDCC4E6645E}.Debug|Any CPU.ActiveCfg = Debug|Any CPU
		{7AD62ED4-C8D9-7FC6-DC9A-9BDCC4E6645E}.Debug|Any CPU.Build.0 = Debug|Any CPU
		{7AD62ED4-C8D9-7FC6-DC9A-9BDCC4E6645E}.Release|Any CPU.ActiveCfg = Release|Any CPU
		{7AD62ED4-C8D9-7FC6-DC9A-9BDCC4E6645E}.Release|Any CPU.Build.0 = Release|Any CPU
		{2F6BC493-6787-92EB-ADBE-78E4886321E8}.Debug|Any CPU.ActiveCfg = Debug|Any CPU
		{2F6BC493-6787-92EB-ADBE-78E4886321E8}.Debug|Any CPU.Build.0 = Debug|Any CPU
		{2F6BC493-6787-92EB-ADBE-78E4886321E8}.Release|Any CPU.ActiveCfg = Release|Any CPU
		{2F6BC493-6787-92EB-ADBE-78E4886321E8}.Release|Any CPU.Build.0 = Release|Any CPU
		{0933DED3-6FA4-3DFD-EEC4-86BDE0271345}.Debug|Any CPU.ActiveCfg = Debug|Any CPU
		{0933DED3-6FA4-3DFD-EEC4-86BDE0271345}.Debug|Any CPU.Build.0 = Debug|Any CPU
		{0933DED3-6FA4-3DFD-EEC4-86BDE0271345}.Release|Any CPU.ActiveCfg = Release|Any CPU
		{0933DED3-6FA4-3DFD-EEC4-86BDE0271345}.Release|Any CPU.Build.0 = Release|Any CPU
		{666FD1F9-64AA-245C-9618-0F7F3A1F43D4}.Debug|Any CPU.ActiveCfg = Debug|Any CPU
		{666FD1F9-64AA-245C-9618-0F7F3A1F43D4}.Debug|Any CPU.Build.0 = Debug|Any CPU
		{666FD1F9-64AA-245C-9618-0F7F3A1F43D4}.Release|Any CPU.ActiveCfg = Release|Any CPU
		{666FD1F9-64AA-245C-9618-0F7F3A1F43D4}.Release|Any CPU.Build.0 = Release|Any CPU
		{E9427C65-DC7D-4EE4-E931-775E9D81C5C6}.Debug|Any CPU.ActiveCfg = Debug|Any CPU
		{E9427C65-DC7D-4EE4-E931-775E9D81C5C6}.Debug|Any CPU.Build.0 = Debug|Any CPU
		{E9427C65-DC7D-4EE4-E931-775E9D81C5C6}.Release|Any CPU.ActiveCfg = Release|Any CPU
		{E9427C65-DC7D-4EE4-E931-775E9D81C5C6}.Release|Any CPU.Build.0 = Release|Any CPU
		{83828062-63C5-632A-BAFA-1F4842EC120B}.Debug|Any CPU.ActiveCfg = Debug|Any CPU
		{83828062-63C5-632A-BAFA-1F4842EC120B}.Debug|Any CPU.Build.0 = Debug|Any CPU
		{83828062-63C5-632A-BAFA-1F4842EC120B}.Release|Any CPU.ActiveCfg = Release|Any CPU
		{83828062-63C5-632A-BAFA-1F4842EC120B}.Release|Any CPU.Build.0 = Release|Any CPU
		{66B2481E-3838-DC94-9FD1-98C7C0664D02}.Debug|Any CPU.ActiveCfg = Debug|Any CPU
		{66B2481E-3838-DC94-9FD1-98C7C0664D02}.Debug|Any CPU.Build.0 = Debug|Any CPU
		{66B2481E-3838-DC94-9FD1-98C7C0664D02}.Release|Any CPU.ActiveCfg = Release|Any CPU
		{66B2481E-3838-DC94-9FD1-98C7C0664D02}.Release|Any CPU.Build.0 = Release|Any CPU
		{6E0D5E03-B54C-590F-C607-01514F6135A3}.Debug|Any CPU.ActiveCfg = Debug|Any CPU
		{6E0D5E03-B54C-590F-C607-01514F6135A3}.Debug|Any CPU.Build.0 = Debug|Any CPU
		{6E0D5E03-B54C-590F-C607-01514F6135A3}.Release|Any CPU.ActiveCfg = Release|Any CPU
		{6E0D5E03-B54C-590F-C607-01514F6135A3}.Release|Any CPU.Build.0 = Release|Any CPU
		{DC6D6A8D-1553-63A7-8724-12413CF9034A}.Debug|Any CPU.ActiveCfg = Debug|Any CPU
		{DC6D6A8D-1553-63A7-8724-12413CF9034A}.Debug|Any CPU.Build.0 = Debug|Any CPU
		{DC6D6A8D-1553-63A7-8724-12413CF9034A}.Release|Any CPU.ActiveCfg = Release|Any CPU
		{DC6D6A8D-1553-63A7-8724-12413CF9034A}.Release|Any CPU.Build.0 = Release|Any CPU
		{CF302F0F-32DD-829D-B34B-D2E5EB008B21}.Debug|Any CPU.ActiveCfg = Debug|Any CPU
		{CF302F0F-32DD-829D-B34B-D2E5EB008B21}.Debug|Any CPU.Build.0 = Debug|Any CPU
		{CF302F0F-32DD-829D-B34B-D2E5EB008B21}.Release|Any CPU.ActiveCfg = Release|Any CPU
		{CF302F0F-32DD-829D-B34B-D2E5EB008B21}.Release|Any CPU.Build.0 = Release|Any CPU
		{72D73972-165D-D5E9-488A-E943E8128596}.Debug|Any CPU.ActiveCfg = Debug|Any CPU
		{72D73972-165D-D5E9-488A-E943E8128596}.Debug|Any CPU.Build.0 = Debug|Any CPU
		{72D73972-165D-D5E9-488A-E943E8128596}.Release|Any CPU.ActiveCfg = Release|Any CPU
		{72D73972-165D-D5E9-488A-E943E8128596}.Release|Any CPU.Build.0 = Release|Any CPU
		{4DD65E2D-305D-CFE7-902F-57B3741E20AB}.Debug|Any CPU.ActiveCfg = Debug|Any CPU
		{4DD65E2D-305D-CFE7-902F-57B3741E20AB}.Debug|Any CPU.Build.0 = Debug|Any CPU
		{4DD65E2D-305D-CFE7-902F-57B3741E20AB}.Release|Any CPU.ActiveCfg = Release|Any CPU
		{4DD65E2D-305D-CFE7-902F-57B3741E20AB}.Release|Any CPU.Build.0 = Release|Any CPU
		{74A106DA-292A-C41E-B36C-FC016E081CAF}.Debug|Any CPU.ActiveCfg = Debug|Any CPU
		{74A106DA-292A-C41E-B36C-FC016E081CAF}.Debug|Any CPU.Build.0 = Debug|Any CPU
		{74A106DA-292A-C41E-B36C-FC016E081CAF}.Release|Any CPU.ActiveCfg = Release|Any CPU
		{74A106DA-292A-C41E-B36C-FC016E081CAF}.Release|Any CPU.Build.0 = Release|Any CPU
		{5B0839AC-493A-789D-F07F-9FFD49BD7BE2}.Debug|Any CPU.ActiveCfg = Debug|Any CPU
		{5B0839AC-493A-789D-F07F-9FFD49BD7BE2}.Debug|Any CPU.Build.0 = Debug|Any CPU
		{5B0839AC-493A-789D-F07F-9FFD49BD7BE2}.Release|Any CPU.ActiveCfg = Release|Any CPU
		{5B0839AC-493A-789D-F07F-9FFD49BD7BE2}.Release|Any CPU.Build.0 = Release|Any CPU
		{E59C393E-EB2D-AB32-5F96-8FDE5F40AA05}.Debug|Any CPU.ActiveCfg = Debug|Any CPU
		{E59C393E-EB2D-AB32-5F96-8FDE5F40AA05}.Debug|Any CPU.Build.0 = Debug|Any CPU
		{E59C393E-EB2D-AB32-5F96-8FDE5F40AA05}.Release|Any CPU.ActiveCfg = Release|Any CPU
		{E59C393E-EB2D-AB32-5F96-8FDE5F40AA05}.Release|Any CPU.Build.0 = Release|Any CPU
		{9242C2BF-C76B-3F40-A2FA-7E98D66C76E6}.Debug|Any CPU.ActiveCfg = Debug|Any CPU
		{9242C2BF-C76B-3F40-A2FA-7E98D66C76E6}.Debug|Any CPU.Build.0 = Debug|Any CPU
		{9242C2BF-C76B-3F40-A2FA-7E98D66C76E6}.Release|Any CPU.ActiveCfg = Release|Any CPU
		{9242C2BF-C76B-3F40-A2FA-7E98D66C76E6}.Release|Any CPU.Build.0 = Release|Any CPU
		{404BA6DB-1447-479C-15BD-BEDB91A7CC3F}.Debug|Any CPU.ActiveCfg = Debug|Any CPU
		{404BA6DB-1447-479C-15BD-BEDB91A7CC3F}.Debug|Any CPU.Build.0 = Debug|Any CPU
		{404BA6DB-1447-479C-15BD-BEDB91A7CC3F}.Release|Any CPU.ActiveCfg = Release|Any CPU
		{404BA6DB-1447-479C-15BD-BEDB91A7CC3F}.Release|Any CPU.Build.0 = Release|Any CPU
		{5AF3B92A-595B-CF50-57CB-8E4A0922103F}.Debug|Any CPU.ActiveCfg = Debug|Any CPU
		{5AF3B92A-595B-CF50-57CB-8E4A0922103F}.Debug|Any CPU.Build.0 = Debug|Any CPU
		{5AF3B92A-595B-CF50-57CB-8E4A0922103F}.Release|Any CPU.ActiveCfg = Release|Any CPU
		{5AF3B92A-595B-CF50-57CB-8E4A0922103F}.Release|Any CPU.Build.0 = Release|Any CPU
		{FD175EDA-6C21-5A93-6895-386656CE24B9}.Debug|Any CPU.ActiveCfg = Debug|Any CPU
		{FD175EDA-6C21-5A93-6895-386656CE24B9}.Debug|Any CPU.Build.0 = Debug|Any CPU
		{FD175EDA-6C21-5A93-6895-386656CE24B9}.Release|Any CPU.ActiveCfg = Release|Any CPU
		{FD175EDA-6C21-5A93-6895-386656CE24B9}.Release|Any CPU.Build.0 = Release|Any CPU
		{F6C6F53F-2296-0094-5DDB-C55B644C7248}.Debug|Any CPU.ActiveCfg = Debug|Any CPU
		{F6C6F53F-2296-0094-5DDB-C55B644C7248}.Debug|Any CPU.Build.0 = Debug|Any CPU
		{F6C6F53F-2296-0094-5DDB-C55B644C7248}.Release|Any CPU.ActiveCfg = Release|Any CPU
		{F6C6F53F-2296-0094-5DDB-C55B644C7248}.Release|Any CPU.Build.0 = Release|Any CPU
		{3363E456-582D-CBA0-5EDA-F29F47187CF6}.Debug|Any CPU.ActiveCfg = Debug|Any CPU
		{3363E456-582D-CBA0-5EDA-F29F47187CF6}.Debug|Any CPU.Build.0 = Debug|Any CPU
		{3363E456-582D-CBA0-5EDA-F29F47187CF6}.Release|Any CPU.ActiveCfg = Release|Any CPU
		{3363E456-582D-CBA0-5EDA-F29F47187CF6}.Release|Any CPU.Build.0 = Release|Any CPU
		{34356908-0515-A0C7-8499-F8E3DFDA3EFE}.Debug|Any CPU.ActiveCfg = Debug|Any CPU
		{34356908-0515-A0C7-8499-F8E3DFDA3EFE}.Debug|Any CPU.Build.0 = Debug|Any CPU
		{34356908-0515-A0C7-8499-F8E3DFDA3EFE}.Release|Any CPU.ActiveCfg = Release|Any CPU
		{34356908-0515-A0C7-8499-F8E3DFDA3EFE}.Release|Any CPU.Build.0 = Release|Any CPU
		{7706AE64-9B00-8F46-3558-2CDA9F26BEBC}.Debug|Any CPU.ActiveCfg = Debug|Any CPU
		{7706AE64-9B00-8F46-3558-2CDA9F26BEBC}.Debug|Any CPU.Build.0 = Debug|Any CPU
		{7706AE64-9B00-8F46-3558-2CDA9F26BEBC}.Release|Any CPU.ActiveCfg = Release|Any CPU
		{7706AE64-9B00-8F46-3558-2CDA9F26BEBC}.Release|Any CPU.Build.0 = Release|Any CPU
		{3ADF65B8-1F54-139C-41B6-83BBC763B2B5}.Debug|Any CPU.ActiveCfg = Debug|Any CPU
		{3ADF65B8-1F54-139C-41B6-83BBC763B2B5}.Debug|Any CPU.Build.0 = Debug|Any CPU
		{3ADF65B8-1F54-139C-41B6-83BBC763B2B5}.Release|Any CPU.ActiveCfg = Release|Any CPU
		{3ADF65B8-1F54-139C-41B6-83BBC763B2B5}.Release|Any CPU.Build.0 = Release|Any CPU
		{2632963E-B9BD-6D1D-2DB2-44034C222119}.Debug|Any CPU.ActiveCfg = Debug|Any CPU
		{2632963E-B9BD-6D1D-2DB2-44034C222119}.Debug|Any CPU.Build.0 = Debug|Any CPU
		{2632963E-B9BD-6D1D-2DB2-44034C222119}.Release|Any CPU.ActiveCfg = Release|Any CPU
		{2632963E-B9BD-6D1D-2DB2-44034C222119}.Release|Any CPU.Build.0 = Release|Any CPU
		{48171378-D1C0-D88D-060D-F2368C6EE702}.Debug|Any CPU.ActiveCfg = Debug|Any CPU
		{48171378-D1C0-D88D-060D-F2368C6EE702}.Debug|Any CPU.Build.0 = Debug|Any CPU
		{48171378-D1C0-D88D-060D-F2368C6EE702}.Release|Any CPU.ActiveCfg = Release|Any CPU
		{48171378-D1C0-D88D-060D-F2368C6EE702}.Release|Any CPU.Build.0 = Release|Any CPU
		{7C35A470-5619-E1BA-150B-DB1E2F1C8017}.Debug|Any CPU.ActiveCfg = Debug|Any CPU
		{7C35A470-5619-E1BA-150B-DB1E2F1C8017}.Debug|Any CPU.Build.0 = Debug|Any CPU
		{7C35A470-5619-E1BA-150B-DB1E2F1C8017}.Release|Any CPU.ActiveCfg = Release|Any CPU
		{7C35A470-5619-E1BA-150B-DB1E2F1C8017}.Release|Any CPU.Build.0 = Release|Any CPU
		{F1C0EEEE-6316-9517-11F2-90898225F597}.Debug|Any CPU.ActiveCfg = Debug|Any CPU
		{F1C0EEEE-6316-9517-11F2-90898225F597}.Debug|Any CPU.Build.0 = Debug|Any CPU
		{F1C0EEEE-6316-9517-11F2-90898225F597}.Release|Any CPU.ActiveCfg = Release|Any CPU
		{F1C0EEEE-6316-9517-11F2-90898225F597}.Release|Any CPU.Build.0 = Release|Any CPU
		{D4A4656D-AF59-E3EE-8C9E-84A03A601FE8}.Debug|Any CPU.ActiveCfg = Debug|Any CPU
		{D4A4656D-AF59-E3EE-8C9E-84A03A601FE8}.Debug|Any CPU.Build.0 = Debug|Any CPU
		{D4A4656D-AF59-E3EE-8C9E-84A03A601FE8}.Release|Any CPU.ActiveCfg = Release|Any CPU
		{D4A4656D-AF59-E3EE-8C9E-84A03A601FE8}.Release|Any CPU.Build.0 = Release|Any CPU
		{FA57F7A8-E353-B886-B266-3A6650B26E38}.Debug|Any CPU.ActiveCfg = Debug|Any CPU
		{FA57F7A8-E353-B886-B266-3A6650B26E38}.Debug|Any CPU.Build.0 = Debug|Any CPU
		{FA57F7A8-E353-B886-B266-3A6650B26E38}.Release|Any CPU.ActiveCfg = Release|Any CPU
		{FA57F7A8-E353-B886-B266-3A6650B26E38}.Release|Any CPU.Build.0 = Release|Any CPU
		{E19EF9C1-328E-7207-701C-5DA1AD02798D}.Debug|Any CPU.ActiveCfg = Debug|Any CPU
		{E19EF9C1-328E-7207-701C-5DA1AD02798D}.Debug|Any CPU.Build.0 = Debug|Any CPU
		{E19EF9C1-328E-7207-701C-5DA1AD02798D}.Release|Any CPU.ActiveCfg = Release|Any CPU
		{E19EF9C1-328E-7207-701C-5DA1AD02798D}.Release|Any CPU.Build.0 = Release|Any CPU
		{F60EE868-647D-8E72-99E0-1D0864241B09}.Debug|Any CPU.ActiveCfg = Debug|Any CPU
		{F60EE868-647D-8E72-99E0-1D0864241B09}.Debug|Any CPU.Build.0 = Debug|Any CPU
		{F60EE868-647D-8E72-99E0-1D0864241B09}.Release|Any CPU.ActiveCfg = Release|Any CPU
		{F60EE868-647D-8E72-99E0-1D0864241B09}.Release|Any CPU.Build.0 = Release|Any CPU
		{5D1ED731-4CE4-FBCE-6CFC-858380E623D8}.Debug|Any CPU.ActiveCfg = Debug|Any CPU
		{5D1ED731-4CE4-FBCE-6CFC-858380E623D8}.Debug|Any CPU.Build.0 = Debug|Any CPU
		{5D1ED731-4CE4-FBCE-6CFC-858380E623D8}.Release|Any CPU.ActiveCfg = Release|Any CPU
		{5D1ED731-4CE4-FBCE-6CFC-858380E623D8}.Release|Any CPU.Build.0 = Release|Any CPU
		{B87A6B48-AA63-1BA8-35F0-E494E19E7820}.Debug|Any CPU.ActiveCfg = Debug|Any CPU
		{B87A6B48-AA63-1BA8-35F0-E494E19E7820}.Debug|Any CPU.Build.0 = Debug|Any CPU
		{B87A6B48-AA63-1BA8-35F0-E494E19E7820}.Release|Any CPU.ActiveCfg = Release|Any CPU
		{B87A6B48-AA63-1BA8-35F0-E494E19E7820}.Release|Any CPU.Build.0 = Release|Any CPU
		{B2328234-6AB2-69EE-CED1-FE1B6C20C254}.Debug|Any CPU.ActiveCfg = Debug|Any CPU
		{B2328234-6AB2-69EE-CED1-FE1B6C20C254}.Debug|Any CPU.Build.0 = Debug|Any CPU
		{B2328234-6AB2-69EE-CED1-FE1B6C20C254}.Release|Any CPU.ActiveCfg = Release|Any CPU
		{B2328234-6AB2-69EE-CED1-FE1B6C20C254}.Release|Any CPU.Build.0 = Release|Any CPU
	EndGlobalSection
	GlobalSection(SolutionProperties) = preSolution
		HideSolutionNode = FALSE
	EndGlobalSection
EndGlobal
